PODS:
  - Alamofire (4.7.3)
  - AlamofireImage (3.3.1):
    - Alamofire (~> 4.5)
  - Appodeal (2.4.4.4-Beta):
    - Appodeal/Full (= 2.4.4.4-Beta)
  - Appodeal/AdColonyAdapter (2.4.4.4-Beta):
    - Appodeal/AdExchangeAdapter
    - Appodeal/Core
  - Appodeal/AdExchangeAdapter (2.4.4.4-Beta):
    - Appodeal/Core
  - Appodeal/AmazonAdsAdapter (2.4.4.4-Beta):
    - Appodeal/Core
  - Appodeal/AppLovinAdapter (2.4.4.4-Beta):
    - Appodeal/AdExchangeAdapter
    - Appodeal/Core
  - Appodeal/Banner (2.4.4.4-Beta):
    - Appodeal/AdExchangeAdapter
    - Appodeal/AmazonAdsAdapter
    - Appodeal/AppLovinAdapter
    - Appodeal/FacebookAudienceAdapter
    - Appodeal/GoogleAdMobAdapter
    - Appodeal/InMobiAdapter
    - Appodeal/MyTargetAdapter
    - Appodeal/StartAppAdapter
    - Appodeal/TwitterMoPubAdapter
    - Appodeal/YandexAdapter
  - Appodeal/ChartboostAdapter (2.4.4.4-Beta):
    - Appodeal/Core
  - Appodeal/Core (2.4.4.4-Beta)
  - Appodeal/FacebookAudienceAdapter (2.4.4.4-Beta):
    - Appodeal/Core
  - Appodeal/FlurryAdapter (2.4.4.4-Beta):
    - Appodeal/Core
  - Appodeal/Full (2.4.4.4-Beta):
    - Appodeal/Banner
    - Appodeal/Core
    - Appodeal/Interstitial
    - Appodeal/Native
    - Appodeal/Video
  - Appodeal/GoogleAdMobAdapter (2.4.4.4-Beta):
    - Appodeal/Core
  - Appodeal/InMobiAdapter (2.4.4.4-Beta):
    - Appodeal/Core
  - Appodeal/Interstitial (2.4.4.4-Beta):
    - Appodeal/AmazonAdsAdapter
    - Appodeal/FacebookAudienceAdapter
    - Appodeal/GoogleAdMobAdapter
    - Appodeal/InMobiAdapter
    - Appodeal/Video
    - Appodeal/YandexAdapter
  - Appodeal/IronSource (2.4.4.4-Beta):
    - Appodeal/Core
  - Appodeal/MobvistaAdapter (2.4.4.4-Beta):
    - Appodeal/Core
  - Appodeal/MyTargetAdapter (2.4.4.4-Beta):
    - Appodeal/Core
  - Appodeal/Native (2.4.4.4-Beta):
    - Appodeal/AdExchangeAdapter
    - Appodeal/AppLovinAdapter
    - Appodeal/FacebookAudienceAdapter
    - Appodeal/FlurryAdapter
    - Appodeal/InMobiAdapter
    - Appodeal/MyTargetAdapter
    - Appodeal/PubnativeAdapter
    - Appodeal/StartAppAdapter
    - Appodeal/TwitterMoPubAdapter
  - Appodeal/PubnativeAdapter (2.4.4.4-Beta):
    - Appodeal/Core
  - Appodeal/StartAppAdapter (2.4.4.4-Beta):
    - Appodeal/Core
  - Appodeal/TapjoyAdapter (2.4.4.4-Beta):
    - Appodeal/Core
  - Appodeal/TwitterMoPubAdapter (2.4.4.4-Beta):
    - Appodeal/Core
  - Appodeal/UnityAdapter (2.4.4.4-Beta):
    - Appodeal/Core
  - Appodeal/Video (2.4.4.4-Beta):
    - Appodeal/AdColonyAdapter
    - Appodeal/AdExchangeAdapter
    - Appodeal/AppLovinAdapter
    - Appodeal/ChartboostAdapter
    - Appodeal/InMobiAdapter
    - Appodeal/IronSource
    - Appodeal/MobvistaAdapter
    - Appodeal/MyTargetAdapter
    - Appodeal/StartAppAdapter
    - Appodeal/TapjoyAdapter
    - Appodeal/TwitterMoPubAdapter
    - Appodeal/UnityAdapter
    - Appodeal/VungleAdapter
  - Appodeal/VungleAdapter (2.4.4.4-Beta):
    - Appodeal/AdExchangeAdapter
    - Appodeal/Core
  - Appodeal/YandexAdapter (2.4.4.4-Beta):
    - Appodeal/Core
  - Crashlytics (3.10.5):
    - Fabric (~> 1.7.9)
  - Fabric (1.7.9)
  - Firebase/Auth (5.5.0):
    - Firebase/CoreOnly
    - FirebaseAuth (= 5.0.3)
  - Firebase/Core (5.5.0):
    - Firebase/CoreOnly
    - FirebaseAnalytics (= 5.1.0)
  - Firebase/CoreOnly (5.5.0):
    - FirebaseCore (= 5.1.0)
  - Firebase/Database (5.5.0):
    - Firebase/CoreOnly
    - FirebaseDatabase (= 5.0.2)
  - Firebase/Messaging (5.5.0):
    - Firebase/CoreOnly
    - FirebaseMessaging (= 3.1.0)
  - FirebaseAnalytics (5.1.0):
    - FirebaseCore (~> 5.1)
    - FirebaseInstanceID (~> 3.2)
    - GoogleAppMeasurement (~> 5.1)
    - GoogleUtilities/AppDelegateSwizzler (~> 5.2.0)
    - GoogleUtilities/MethodSwizzler (~> 5.2.0)
    - GoogleUtilities/Network (~> 5.2)
    - "GoogleUtilities/NSData+zlib (~> 5.2)"
    - nanopb (~> 0.3)
  - FirebaseAuth (5.0.3):
    - FirebaseAuthInterop (~> 1.0)
    - FirebaseCore (~> 5.0)
    - GoogleUtilities/Environment (~> 5.2)
    - GTMSessionFetcher/Core (~> 1.1)
  - FirebaseAuthInterop (1.0.0)
  - FirebaseCore (5.1.0):
    - GoogleUtilities/Logger (~> 5.2)
  - FirebaseDatabase (5.0.2):
    - FirebaseCore (~> 5.0)
    - leveldb-library (~> 1.18)
  - FirebaseInstanceID (3.2.0):
    - FirebaseCore (~> 5.1)
    - GoogleUtilities/Environment (~> 5.2)
  - FirebaseMessaging (3.1.0):
    - FirebaseCore (~> 5.0)
    - FirebaseInstanceID (~> 3.0)
    - GoogleUtilities/Reachability (~> 5.2)
    - Protobuf (~> 3.1)
  - GoogleAppMeasurement (5.1.0):
    - GoogleUtilities/AppDelegateSwizzler (~> 5.2.0)
    - GoogleUtilities/MethodSwizzler (~> 5.2.0)
    - GoogleUtilities/Network (~> 5.2)
    - "GoogleUtilities/NSData+zlib (~> 5.2)"
    - nanopb (~> 0.3)
  - GoogleSignIn (4.1.2):
    - "GoogleToolboxForMac/NSDictionary+URLArguments (~> 2.1)"
    - "GoogleToolboxForMac/NSString+URLArguments (~> 2.1)"
    - GTMOAuth2 (~> 1.0)
    - GTMSessionFetcher/Core (~> 1.1)
  - GoogleToolboxForMac/DebugUtils (2.1.4):
    - GoogleToolboxForMac/Defines (= 2.1.4)
  - GoogleToolboxForMac/Defines (2.1.4)
  - "GoogleToolboxForMac/NSDictionary+URLArguments (2.1.4)":
    - GoogleToolboxForMac/DebugUtils (= 2.1.4)
    - GoogleToolboxForMac/Defines (= 2.1.4)
    - "GoogleToolboxForMac/NSString+URLArguments (= 2.1.4)"
  - "GoogleToolboxForMac/NSString+URLArguments (2.1.4)"
  - GoogleUtilities/AppDelegateSwizzler (5.2.2):
    - GoogleUtilities/Environment
    - GoogleUtilities/Logger
    - GoogleUtilities/Network
  - GoogleUtilities/Environment (5.2.2)
  - GoogleUtilities/Logger (5.2.2):
    - GoogleUtilities/Environment
  - GoogleUtilities/MethodSwizzler (5.2.2):
    - GoogleUtilities/Logger
  - GoogleUtilities/Network (5.2.2):
    - GoogleUtilities/Logger
    - "GoogleUtilities/NSData+zlib"
    - GoogleUtilities/Reachability
  - "GoogleUtilities/NSData+zlib (5.2.2)"
  - GoogleUtilities/Reachability (5.2.2):
    - GoogleUtilities/Logger
  - GTMOAuth2 (1.1.6):
    - GTMSessionFetcher (~> 1.1)
  - GTMSessionFetcher (1.2.0):
    - GTMSessionFetcher/Full (= 1.2.0)
  - GTMSessionFetcher/Core (1.2.0)
  - GTMSessionFetcher/Full (1.2.0):
    - GTMSessionFetcher/Core (= 1.2.0)
  - Himotoki (3.2.0)
  - leveldb-library (1.20)
  - nanopb (0.3.8):
    - nanopb/decode (= 0.3.8)
    - nanopb/encode (= 0.3.8)
  - nanopb/decode (0.3.8)
  - nanopb/encode (0.3.8)
  - NendSDK_iOS (5.0.1)
  - Protobuf (3.6.1)
  - Realm (3.7.5):
    - Realm/Headers (= 3.7.5)
  - Realm/Headers (3.7.5)
  - RealmSwift (3.7.5):
    - Realm (= 3.7.5)
  - RxCocoa (4.2.0):
    - RxSwift (~> 4.0)
  - RxSwift (4.2.0)
  - Siren (3.4.3)
  - SwiftGen (5.3.0)
  - SwiftLint (0.27.0)

DEPENDENCIES:
  - Alamofire (~> 4.7)
  - AlamofireImage (~> 3.3)
  - Appodeal (= 2.4.4.4-Beta)
  - Crashlytics
  - Fabric
  - Firebase/Auth
  - Firebase/Core
  - Firebase/Database
  - Firebase/Messaging
  - GoogleSignIn
  - Himotoki
  - NendSDK_iOS
  - RealmSwift
  - RxCocoa (~> 4.0)
  - RxSwift (~> 4.0)
  - Siren
  - SwiftGen
  - SwiftLint

SPEC REPOS:
  https://github.com/cocoapods/specs.git:
    - Alamofire
    - AlamofireImage
    - Appodeal
    - Crashlytics
    - Fabric
    - Firebase
    - FirebaseAnalytics
    - FirebaseAuth
    - FirebaseAuthInterop
    - FirebaseCore
    - FirebaseDatabase
    - FirebaseInstanceID
    - FirebaseMessaging
    - GoogleAppMeasurement
    - GoogleSignIn
    - GoogleToolboxForMac
    - GoogleUtilities
    - GTMOAuth2
    - GTMSessionFetcher
    - Himotoki
    - leveldb-library
    - nanopb
    - NendSDK_iOS
    - Protobuf
    - Realm
    - RealmSwift
    - RxCocoa
    - RxSwift
    - Siren
    - SwiftGen
    - SwiftLint

SPEC CHECKSUMS:
  Alamofire: c7287b6e5d7da964a70935e5db17046b7fde6568
  AlamofireImage: 3b35b586853abaf94ca1250f4e94cff3c21a4c0d
  Appodeal: 1bd6057d8de39200802f24d0ab0f43302caa3bcf
  Crashlytics: 7f2e38d302d9da96475b3d64d86fb29e31a542b7
  Fabric: a2917d3895e4c1569b9c3170de7320ea1b1e6661
  Firebase: 8c957f9cb3852b519180fb378801b7eeeba4d288
  FirebaseAnalytics: d4a260c114aec0d765ab5b9c404ac63de1d29381
  FirebaseAuth: 657a25e4be044d2d333663ebf515a861c5a59cd7
  FirebaseAuthInterop: 0ffa57668be100582bb7643d4fcb7615496c41fc
  FirebaseCore: ee4b35cf8c8e781da296cc7c15125e4608bb954d
  FirebaseDatabase: 27be5ac5bc75e0b17537b2bbfada8258addcc8cd
  FirebaseInstanceID: 8cd2c6cfe7b9ab65ce7e248f6da7f26f6775b9be
  FirebaseMessaging: f67b3719f520ee200da0e20ce577fe2bce0c01d0
  GoogleAppMeasurement: e785bdb86d3d280abc778156cec323a975f11d1d
  GoogleSignIn: d9ef55b10f0aa401a5de2747f59b725e4b9732ac
  GoogleToolboxForMac: 91c824d21e85b31c2aae9bb011c5027c9b4e738f
  GoogleUtilities: 06b66f9567769a7958db20a92f0128b2843e49d5
  GTMOAuth2: c77fe325e4acd453837e72d91e3b5f13116857b2
  GTMSessionFetcher: 0c4baf0a73acd0041bf9f71ea018deedab5ea84e
  Himotoki: 2618fc6b939ad6d9b71c52c90fe210f54ea28167
  leveldb-library: 08cba283675b7ed2d99629a4bc5fd052cd2bb6a5
  nanopb: 5601e6bca2dbf1ed831b519092ec110f66982ca3
  NendSDK_iOS: 2077b94e7e0e20e2af17d4cff122e466108f2906
  Protobuf: 1eb9700044745f00181c136ef21b8ff3ad5a0fd5
  Realm: c286caf4dbf346ce24aad49ca76c7ce622d4a082
  RealmSwift: 2a9281e37d6de55f66f76254d49d28aeb1b729e4
  RxCocoa: 0b54909c902e1e581212a03e690bbd94032d8baa
  RxSwift: 99e10317ddfcc7fbe01356aafd118fde4a0be104
  Siren: e3cf1a93fa0fa73c03452107e95e5c10768d1d08
  SwiftGen: 4379bd3640b0a212a0f6ea3c494adba385513d10
  SwiftLint: 3207c1faa2240bf8973b191820a116113cd11073

PODFILE CHECKSUM: feb27926381e6b8326eeb8c65be354bca5d3a834

COCOAPODS: 1.5.3
