PODS:
  - Crashlytics (3.8.5):
    - Fabric (~> 1.6.3)
  - Fabric (1.6.12)
  - Himotoki (3.0.1)

DEPENDENCIES:
  - Crashlytics
  - Fabric
  - Himotoki

SPEC CHECKSUMS:
  Crashlytics: dfbae35ef22ca189240d230ad501feea4ee85d2d
  Fabric: f050464eac45a2ce5a8e6e6a07e977c0df32fe28
  Himotoki: 85fda41d4d0e14f7228317a3b474175cdfb8f515

PODFILE CHECKSUM: 537ba08fe4348a11eebd23a7acb0e8047df24e37

COCOAPODS: 1.2.1
