// !$*UTF8*$!
{
	archiveVersion = 1;
	classes = {
	};
	objectVersion = 46;
	objects = {

/* Begin PBXBuildFile section */
		015EE0821FC6BED4EE298993 /* Pods_jlpt_ios_release.framework in Frameworks */ = {isa = PBXBuildFile; fileRef = C8801B0FB1C671067D045E0C /* Pods_jlpt_ios_release.framework */; };
		1A136C3E1F6D3E7D00DF343E /* UIView+Contraints.swift in Sources */ = {isa = PBXBuildFile; fileRef = 1A136C3D1F6D3E7D00DF343E /* UIView+Contraints.swift */; };
		1A2B25CF1F512DFB00DFFD3A /* AppDelegate.swift in Sources */ = {isa = PBXBuildFile; fileRef = 1A2B25CE1F512DFB00DFFD3A /* AppDelegate.swift */; };
		1A2B25EF1F512DFB00DFFD3A /* jlpt_ios_releaseUITests.swift in Sources */ = {isa = PBXBuildFile; fileRef = 1A2B25EE1F512DFB00DFFD3A /* jlpt_ios_releaseUITests.swift */; };
		1A36849E1F7752E9001FEF88 /* ChildIntroductionController.swift in Sources */ = {isa = PBXBuildFile; fileRef = 1A36849D1F7752E9001FEF88 /* ChildIntroductionController.swift */; };
		1A3684A21F7D2611001FEF88 /* StartAppController.swift in Sources */ = {isa = PBXBuildFile; fileRef = 1A3684A11F7D2611001FEF88 /* StartAppController.swift */; };
		1A3684A41F7D2DFC001FEF88 /* StartApp.storyboard in Resources */ = {isa = PBXBuildFile; fileRef = 1A3684A31F7D2DFC001FEF88 /* StartApp.storyboard */; };
		1A3684A61F7D3B3B001FEF88 /* Introduction.storyboard in Resources */ = {isa = PBXBuildFile; fileRef = 1A3684A51F7D3B3B001FEF88 /* Introduction.storyboard */; };
		1A3684A81F8001A4001FEF88 /* Assets.xcassets in Resources */ = {isa = PBXBuildFile; fileRef = 1A3684A71F8001A4001FEF88 /* Assets.xcassets */; };
		1A3684AA1F8005BC001FEF88 /* ChildIntroduction.storyboard in Resources */ = {isa = PBXBuildFile; fileRef = 1A3684A91F8005BC001FEF88 /* ChildIntroduction.storyboard */; };
		1A3E516C1F8B1C9B0025F4E2 /* TDRadioButton.swift in Sources */ = {isa = PBXBuildFile; fileRef = 1A3E516B1F8B1C9B0025F4E2 /* TDRadioButton.swift */; };
		1A3E51701F8B44550025F4E2 /* NomalQuestionCell.swift in Sources */ = {isa = PBXBuildFile; fileRef = 1A3E516F1F8B44550025F4E2 /* NomalQuestionCell.swift */; };
		1A46AC391F892199001FF467 /* Storyboards.swift in Sources */ = {isa = PBXBuildFile; fileRef = 1A46AC381F892199001FF467 /* Storyboards.swift */; };
		1A46AC3D1F894479001FF467 /* Images.swift in Sources */ = {isa = PBXBuildFile; fileRef = 1A46AC3C1F894479001FF467 /* Images.swift */; };
		1A46AC461F895208001FF467 /* RxSwift.framework in Frameworks */ = {isa = PBXBuildFile; fileRef = 1A46AC441F895206001FF467 /* RxSwift.framework */; };
		1A46AC471F895208001FF467 /* RxCocoa.framework in Frameworks */ = {isa = PBXBuildFile; fileRef = 1A46AC451F895207001FF467 /* RxCocoa.framework */; };
		1A46AC491F89AD9A001FF467 /* CoreText.framework in Frameworks */ = {isa = PBXBuildFile; fileRef = 1A46AC481F89AD9A001FF467 /* CoreText.framework */; };
		1A46AC4B1F89ADF2001FF467 /* CTView.swift in Sources */ = {isa = PBXBuildFile; fileRef = 1A46AC4A1F89ADF2001FF467 /* CTView.swift */; };
		1A46AC4E1F89B703001FF467 /* TheoryHint.storyboard in Resources */ = {isa = PBXBuildFile; fileRef = 1A46AC4C1F89B703001FF467 /* TheoryHint.storyboard */; };
		1A46AC551F89D2E1001FF467 /* MarkdownView.framework in Frameworks */ = {isa = PBXBuildFile; fileRef = 1A46AC541F89D2E1001FF467 /* MarkdownView.framework */; };
		1A46AC591F8A5E97001FF467 /* ListeningQuestionController.swift in Sources */ = {isa = PBXBuildFile; fileRef = 1A46AC581F8A5E97001FF467 /* ListeningQuestionController.swift */; };
		1A46AC5B1F8A5EA5001FF467 /* NomalQuestionController.swift in Sources */ = {isa = PBXBuildFile; fileRef = 1A46AC5A1F8A5EA5001FF467 /* NomalQuestionController.swift */; };
		1A46AC5E1F8A5FBD001FF467 /* ListeningQuestion.storyboard in Resources */ = {isa = PBXBuildFile; fileRef = 1A46AC5C1F8A5FBD001FF467 /* ListeningQuestion.storyboard */; };
		1A46AC601F8A6602001FF467 /* UIViewController+NavigationBar.swift in Sources */ = {isa = PBXBuildFile; fileRef = 1A46AC5F1F8A6602001FF467 /* UIViewController+NavigationBar.swift */; };
		1A46AC621F8A7728001FF467 /* color.txt in Resources */ = {isa = PBXBuildFile; fileRef = 1A46AC611F8A7728001FF467 /* color.txt */; };
		1A46AC641F8A78CC001FF467 /* Colors.swift in Sources */ = {isa = PBXBuildFile; fileRef = 1A46AC631F8A78CC001FF467 /* Colors.swift */; };
		1A6520651F851D5A00E21905 /* HintCell.swift in Sources */ = {isa = PBXBuildFile; fileRef = 1A6520641F851D5A00E21905 /* HintCell.swift */; };
		1A65206B1F866A4200E21905 /* CardView.swift in Sources */ = {isa = PBXBuildFile; fileRef = 1A65206A1F866A4200E21905 /* CardView.swift */; };
		1A65206F1F87B96500E21905 /* HintViewModel.swift in Sources */ = {isa = PBXBuildFile; fileRef = 1A65206E1F87B96500E21905 /* HintViewModel.swift */; };
		1A6520761F87BEE000E21905 /* NomalQuestion.storyboard in Resources */ = {isa = PBXBuildFile; fileRef = 1A6520751F87BEE000E21905 /* NomalQuestion.storyboard */; };
		1A65207B1F87C6AE00E21905 /* TheoryHintController.swift in Sources */ = {isa = PBXBuildFile; fileRef = 1A65207A1F87C6AE00E21905 /* TheoryHintController.swift */; };
		1A65207D1F87EF7100E21905 /* HintQuestionModel.swift in Sources */ = {isa = PBXBuildFile; fileRef = 1A65207C1F87EF7100E21905 /* HintQuestionModel.swift */; };
		1A65208A1F8813D500E21905 /* LaunchScreen.storyboard in Resources */ = {isa = PBXBuildFile; fileRef = 1A6520861F8813D400E21905 /* LaunchScreen.storyboard */; };
		1AB04DB61F7630F600E5AC27 /* Hint.swift in Sources */ = {isa = PBXBuildFile; fileRef = 1AB04DB51F7630F600E5AC27 /* Hint.swift */; };
		1AB04DBB1F76384500E5AC27 /* Unit.swift in Sources */ = {isa = PBXBuildFile; fileRef = 1AB04DBA1F76384500E5AC27 /* Unit.swift */; };
		1AB79E2F1F769F1200C2F8AE /* IntroductionController.swift in Sources */ = {isa = PBXBuildFile; fileRef = 1AB79E2E1F769F1200C2F8AE /* IntroductionController.swift */; };
		1ABBE6B51F76B98300A23796 /* Lottie.framework in Frameworks */ = {isa = PBXBuildFile; fileRef = 1ABBE6B41F76B98300A23796 /* Lottie.framework */; };
		1AC50CEF1F6E5A69007D161C /* ApiClient.swift in Sources */ = {isa = PBXBuildFile; fileRef = 1AC50CEE1F6E5A69007D161C /* ApiClient.swift */; };
		1AC50CF11F6E5DB0007D161C /* ApiError.swift in Sources */ = {isa = PBXBuildFile; fileRef = 1AC50CF01F6E5DB0007D161C /* ApiError.swift */; };
		1AC50CF31F6E5E1A007D161C /* RequestError.swift in Sources */ = {isa = PBXBuildFile; fileRef = 1AC50CF21F6E5E1A007D161C /* RequestError.swift */; };
		1AC50CF71F6E69B8007D161C /* JLPTResponse.swift in Sources */ = {isa = PBXBuildFile; fileRef = 1AC50CF61F6E69B8007D161C /* JLPTResponse.swift */; };
		1AC50CF91F6F859E007D161C /* JLPTService.swift in Sources */ = {isa = PBXBuildFile; fileRef = 1AC50CF81F6F859E007D161C /* JLPTService.swift */; };
		1AC50CFB1F6F8798007D161C /* Question.swift in Sources */ = {isa = PBXBuildFile; fileRef = 1AC50CFA1F6F8798007D161C /* Question.swift */; };
		1AC50CFD1F6F9481007D161C /* ApiTets.swift in Sources */ = {isa = PBXBuildFile; fileRef = 1AC50CFC1F6F9481007D161C /* ApiTets.swift */; };
		1AD2FD711F80D98B00B5167D /* ListHint.storyboard in Resources */ = {isa = PBXBuildFile; fileRef = 1AD2FD701F80D98B00B5167D /* ListHint.storyboard */; };
		1AD2FD731F80D9A300B5167D /* ListHintController.swift in Sources */ = {isa = PBXBuildFile; fileRef = 1AD2FD721F80D9A300B5167D /* ListHintController.swift */; };
		1AD2FD761F80D9CC00B5167D /* ListQuestionController.swift in Sources */ = {isa = PBXBuildFile; fileRef = 1AD2FD751F80D9CC00B5167D /* ListQuestionController.swift */; };
		1AD2FD791F80D9E000B5167D /* ListJLPTQuestion.storyboard in Resources */ = {isa = PBXBuildFile; fileRef = 1AD2FD781F80D9E000B5167D /* ListJLPTQuestion.storyboard */; };
		1AD738641F6D3B7200A4A1B9 /* LessonController.swift in Sources */ = {isa = PBXBuildFile; fileRef = 1AD738631F6D3B7200A4A1B9 /* LessonController.swift */; };
		1AD738661F6D3CB400A4A1B9 /* TabbarController.swift in Sources */ = {isa = PBXBuildFile; fileRef = 1AD738651F6D3CB400A4A1B9 /* TabbarController.swift */; };
		1AD738681F6D3CC400A4A1B9 /* ProfileController.swift in Sources */ = {isa = PBXBuildFile; fileRef = 1AD738671F6D3CC400A4A1B9 /* ProfileController.swift */; };
		1AD7386A1F6D3CD300A4A1B9 /* ProcessController.swift in Sources */ = {isa = PBXBuildFile; fileRef = 1AD738691F6D3CD300A4A1B9 /* ProcessController.swift */; };
		1AD738761F6D3D8E00A4A1B9 /* Profile.storyboard in Resources */ = {isa = PBXBuildFile; fileRef = 1AD738751F6D3D8E00A4A1B9 /* Profile.storyboard */; };
		1AD738781F6D3DA200A4A1B9 /* Process.storyboard in Resources */ = {isa = PBXBuildFile; fileRef = 1AD738771F6D3DA200A4A1B9 /* Process.storyboard */; };
		1AEA8B2A1F6D4967005A7FC0 /* BaseViewCell.swift in Sources */ = {isa = PBXBuildFile; fileRef = 1AEA8B291F6D4967005A7FC0 /* BaseViewCell.swift */; };
		1AEA8B2C1F6D4986005A7FC0 /* CategoryViewCell.swift in Sources */ = {isa = PBXBuildFile; fileRef = 1AEA8B2B1F6D4986005A7FC0 /* CategoryViewCell.swift */; };
		1AEA8B2E1F6D49DD005A7FC0 /* LessonViewCell.swift in Sources */ = {isa = PBXBuildFile; fileRef = 1AEA8B2D1F6D49DD005A7FC0 /* LessonViewCell.swift */; };
		1AEA8B331F6D5234005A7FC0 /* CategoryHeaderView.swift in Sources */ = {isa = PBXBuildFile; fileRef = 1AEA8B311F6D5234005A7FC0 /* CategoryHeaderView.swift */; };
		1AF26AD11F76D6140098062A /* CustomButton.swift in Sources */ = {isa = PBXBuildFile; fileRef = 1AF26AD01F76D6140098062A /* CustomButton.swift */; };
		8B0CA1C45B0ECB1BA7EE1328 /* Pods_jlpt_ios_releaseUITests.framework in Frameworks */ = {isa = PBXBuildFile; fileRef = C08FD44EC6F84A16E0F0DAA8 /* Pods_jlpt_ios_releaseUITests.framework */; };
		938DA3C645C6A3C03128E4F2 /* Pods_jlpt_ios_releaseTests.framework in Frameworks */ = {isa = PBXBuildFile; fileRef = F47A53587C0DC2615FF3BBD7 /* Pods_jlpt_ios_releaseTests.framework */; };
		DF4C22EF1F74B6C300B2CCC5 /* Alamofire.framework in Frameworks */ = {isa = PBXBuildFile; fileRef = DF4C22EE1F74B6C300B2CCC5 /* Alamofire.framework */; };
		DF4C22F21F74CA7E00B2CCC5 /* Result.swift in Sources */ = {isa = PBXBuildFile; fileRef = DF4C22F11F74CA7E00B2CCC5 /* Result.swift */; };
		DFCCB9B71F8F6E2000123170 /* Realm.framework in Frameworks */ = {isa = PBXBuildFile; fileRef = DFCCB9B61F8F6E2000123170 /* Realm.framework */; };
		DFCCB9B91F8F6E5000123170 /* Charts.framework in Frameworks */ = {isa = PBXBuildFile; fileRef = DFCCB9B81F8F6E5000123170 /* Charts.framework */; };
		DFCCB9E51F8F7A6300123170 /* SnapKit.framework in Frameworks */ = {isa = PBXBuildFile; fileRef = DFCCB9E41F8F7A6300123170 /* SnapKit.framework */; };
/* End PBXBuildFile section */

/* Begin PBXContainerItemProxy section */
		1A2B25E01F512DFB00DFFD3A /* PBXContainerItemProxy */ = {
			isa = PBXContainerItemProxy;
			containerPortal = 1A2B25C31F512DFB00DFFD3A /* Project object */;
			proxyType = 1;
			remoteGlobalIDString = 1A2B25CA1F512DFB00DFFD3A;
			remoteInfo = "jlpt-ios-release";
		};
		1A2B25EB1F512DFB00DFFD3A /* PBXContainerItemProxy */ = {
			isa = PBXContainerItemProxy;
			containerPortal = 1A2B25C31F512DFB00DFFD3A /* Project object */;
			proxyType = 1;
			remoteGlobalIDString = 1A2B25CA1F512DFB00DFFD3A;
			remoteInfo = "jlpt-ios-release";
		};
/* End PBXContainerItemProxy section */

/* Begin PBXFileReference section */
		1A136C3D1F6D3E7D00DF343E /* UIView+Contraints.swift */ = {isa = PBXFileReference; fileEncoding = 4; lastKnownFileType = sourcecode.swift; path = "UIView+Contraints.swift"; sourceTree = "<group>"; };
		1A2B25CB1F512DFB00DFFD3A /* jlpt-ios-release.app */ = {isa = PBXFileReference; explicitFileType = wrapper.application; includeInIndex = 0; path = "jlpt-ios-release.app"; sourceTree = BUILT_PRODUCTS_DIR; };
		1A2B25CE1F512DFB00DFFD3A /* AppDelegate.swift */ = {isa = PBXFileReference; lastKnownFileType = sourcecode.swift; path = AppDelegate.swift; sourceTree = "<group>"; };
		1A2B25DA1F512DFB00DFFD3A /* Info.plist */ = {isa = PBXFileReference; lastKnownFileType = text.plist.xml; path = Info.plist; sourceTree = "<group>"; };
		1A2B25DF1F512DFB00DFFD3A /* jlpt-ios-releaseTests.xctest */ = {isa = PBXFileReference; explicitFileType = wrapper.cfbundle; includeInIndex = 0; path = "jlpt-ios-releaseTests.xctest"; sourceTree = BUILT_PRODUCTS_DIR; };
		1A2B25E51F512DFB00DFFD3A /* Info.plist */ = {isa = PBXFileReference; lastKnownFileType = text.plist.xml; path = Info.plist; sourceTree = "<group>"; };
		1A2B25EA1F512DFB00DFFD3A /* jlpt-ios-releaseUITests.xctest */ = {isa = PBXFileReference; explicitFileType = wrapper.cfbundle; includeInIndex = 0; path = "jlpt-ios-releaseUITests.xctest"; sourceTree = BUILT_PRODUCTS_DIR; };
		1A2B25EE1F512DFB00DFFD3A /* jlpt_ios_releaseUITests.swift */ = {isa = PBXFileReference; lastKnownFileType = sourcecode.swift; path = jlpt_ios_releaseUITests.swift; sourceTree = "<group>"; };
		1A2B25F01F512DFB00DFFD3A /* Info.plist */ = {isa = PBXFileReference; lastKnownFileType = text.plist.xml; path = Info.plist; sourceTree = "<group>"; };
		1A3684981F76E8D6001FEF88 /* Nunito-Light.ttf */ = {isa = PBXFileReference; lastKnownFileType = file; path = "Nunito-Light.ttf"; sourceTree = "<group>"; };
		1A36849D1F7752E9001FEF88 /* ChildIntroductionController.swift */ = {isa = PBXFileReference; lastKnownFileType = sourcecode.swift; path = ChildIntroductionController.swift; sourceTree = "<group>"; };
		1A3684A11F7D2611001FEF88 /* StartAppController.swift */ = {isa = PBXFileReference; lastKnownFileType = sourcecode.swift; path = StartAppController.swift; sourceTree = "<group>"; };
		1A3684A31F7D2DFC001FEF88 /* StartApp.storyboard */ = {isa = PBXFileReference; lastKnownFileType = file.storyboard; path = StartApp.storyboard; sourceTree = "<group>"; };
		1A3684A51F7D3B3B001FEF88 /* Introduction.storyboard */ = {isa = PBXFileReference; lastKnownFileType = file.storyboard; path = Introduction.storyboard; sourceTree = "<group>"; };
		1A3684A71F8001A4001FEF88 /* Assets.xcassets */ = {isa = PBXFileReference; lastKnownFileType = folder.assetcatalog; path = Assets.xcassets; sourceTree = "<group>"; };
		1A3684A91F8005BC001FEF88 /* ChildIntroduction.storyboard */ = {isa = PBXFileReference; lastKnownFileType = file.storyboard; path = ChildIntroduction.storyboard; sourceTree = "<group>"; };
		1A3E516B1F8B1C9B0025F4E2 /* TDRadioButton.swift */ = {isa = PBXFileReference; lastKnownFileType = sourcecode.swift; path = TDRadioButton.swift; sourceTree = "<group>"; };
		1A3E516F1F8B44550025F4E2 /* NomalQuestionCell.swift */ = {isa = PBXFileReference; lastKnownFileType = sourcecode.swift; path = NomalQuestionCell.swift; sourceTree = "<group>"; };
		1A46AC381F892199001FF467 /* Storyboards.swift */ = {isa = PBXFileReference; lastKnownFileType = sourcecode.swift; path = Storyboards.swift; sourceTree = "<group>"; };
		1A46AC3C1F894479001FF467 /* Images.swift */ = {isa = PBXFileReference; lastKnownFileType = sourcecode.swift; path = Images.swift; sourceTree = "<group>"; };
		1A46AC441F895206001FF467 /* RxSwift.framework */ = {isa = PBXFileReference; lastKnownFileType = wrapper.framework; name = RxSwift.framework; path = Carthage/Build/iOS/RxSwift.framework; sourceTree = "<group>"; };
		1A46AC451F895207001FF467 /* RxCocoa.framework */ = {isa = PBXFileReference; lastKnownFileType = wrapper.framework; name = RxCocoa.framework; path = Carthage/Build/iOS/RxCocoa.framework; sourceTree = "<group>"; };
		1A46AC481F89AD9A001FF467 /* CoreText.framework */ = {isa = PBXFileReference; lastKnownFileType = wrapper.framework; name = CoreText.framework; path = System/Library/Frameworks/CoreText.framework; sourceTree = SDKROOT; };
		1A46AC4A1F89ADF2001FF467 /* CTView.swift */ = {isa = PBXFileReference; lastKnownFileType = sourcecode.swift; path = CTView.swift; sourceTree = "<group>"; };
		1A46AC4D1F89B703001FF467 /* Base */ = {isa = PBXFileReference; lastKnownFileType = file.storyboard; name = Base; path = TheoryHint.storyboard; sourceTree = "<group>"; };
		1A46AC541F89D2E1001FF467 /* MarkdownView.framework */ = {isa = PBXFileReference; lastKnownFileType = wrapper.framework; name = MarkdownView.framework; path = Carthage/Build/iOS/MarkdownView.framework; sourceTree = "<group>"; };
		1A46AC581F8A5E97001FF467 /* ListeningQuestionController.swift */ = {isa = PBXFileReference; lastKnownFileType = sourcecode.swift; path = ListeningQuestionController.swift; sourceTree = "<group>"; };
		1A46AC5A1F8A5EA5001FF467 /* NomalQuestionController.swift */ = {isa = PBXFileReference; lastKnownFileType = sourcecode.swift; path = NomalQuestionController.swift; sourceTree = "<group>"; };
		1A46AC5D1F8A5FBD001FF467 /* Base */ = {isa = PBXFileReference; lastKnownFileType = file.storyboard; name = Base; path = ListeningQuestion.storyboard; sourceTree = "<group>"; };
		1A46AC5F1F8A6602001FF467 /* UIViewController+NavigationBar.swift */ = {isa = PBXFileReference; lastKnownFileType = sourcecode.swift; path = "UIViewController+NavigationBar.swift"; sourceTree = "<group>"; };
		1A46AC611F8A7728001FF467 /* color.txt */ = {isa = PBXFileReference; lastKnownFileType = text; path = color.txt; sourceTree = "<group>"; };
		1A46AC631F8A78CC001FF467 /* Colors.swift */ = {isa = PBXFileReference; lastKnownFileType = sourcecode.swift; path = Colors.swift; sourceTree = "<group>"; };
		1A6520641F851D5A00E21905 /* HintCell.swift */ = {isa = PBXFileReference; lastKnownFileType = sourcecode.swift; path = HintCell.swift; sourceTree = "<group>"; };
		1A65206A1F866A4200E21905 /* CardView.swift */ = {isa = PBXFileReference; lastKnownFileType = sourcecode.swift; path = CardView.swift; sourceTree = "<group>"; };
		1A65206E1F87B96500E21905 /* HintViewModel.swift */ = {isa = PBXFileReference; lastKnownFileType = sourcecode.swift; path = HintViewModel.swift; sourceTree = "<group>"; };
		1A6520751F87BEE000E21905 /* NomalQuestion.storyboard */ = {isa = PBXFileReference; lastKnownFileType = file.storyboard; path = NomalQuestion.storyboard; sourceTree = "<group>"; };
		1A65207A1F87C6AE00E21905 /* TheoryHintController.swift */ = {isa = PBXFileReference; lastKnownFileType = sourcecode.swift; path = TheoryHintController.swift; sourceTree = "<group>"; };
		1A65207C1F87EF7100E21905 /* HintQuestionModel.swift */ = {isa = PBXFileReference; lastKnownFileType = sourcecode.swift; path = HintQuestionModel.swift; sourceTree = "<group>"; };
		1A6520871F8813D400E21905 /* Base */ = {isa = PBXFileReference; lastKnownFileType = file.storyboard; name = Base; path = LaunchScreen.storyboard; sourceTree = "<group>"; };
		1AB04DB51F7630F600E5AC27 /* Hint.swift */ = {isa = PBXFileReference; lastKnownFileType = sourcecode.swift; path = Hint.swift; sourceTree = "<group>"; };
		1AB04DBA1F76384500E5AC27 /* Unit.swift */ = {isa = PBXFileReference; lastKnownFileType = sourcecode.swift; path = Unit.swift; sourceTree = "<group>"; };
		1AB79E2E1F769F1200C2F8AE /* IntroductionController.swift */ = {isa = PBXFileReference; lastKnownFileType = sourcecode.swift; path = IntroductionController.swift; sourceTree = "<group>"; };
		1ABBE6B41F76B98300A23796 /* Lottie.framework */ = {isa = PBXFileReference; lastKnownFileType = wrapper.framework; name = Lottie.framework; path = Carthage/Build/iOS/Lottie.framework; sourceTree = "<group>"; };
		1AC50CEE1F6E5A69007D161C /* ApiClient.swift */ = {isa = PBXFileReference; fileEncoding = 4; lastKnownFileType = sourcecode.swift; name = ApiClient.swift; path = "jlpt-ios-release/ApiService/ApiClient.swift"; sourceTree = SOURCE_ROOT; };
		1AC50CF01F6E5DB0007D161C /* ApiError.swift */ = {isa = PBXFileReference; fileEncoding = 4; lastKnownFileType = sourcecode.swift; name = ApiError.swift; path = "jlpt-ios-release/Errors/ApiError.swift"; sourceTree = SOURCE_ROOT; };
		1AC50CF21F6E5E1A007D161C /* RequestError.swift */ = {isa = PBXFileReference; fileEncoding = 4; lastKnownFileType = sourcecode.swift; name = RequestError.swift; path = "jlpt-ios-release/Errors/RequestError.swift"; sourceTree = SOURCE_ROOT; };
		1AC50CF61F6E69B8007D161C /* JLPTResponse.swift */ = {isa = PBXFileReference; fileEncoding = 4; lastKnownFileType = sourcecode.swift; name = JLPTResponse.swift; path = "jlpt-ios-release/ApiService/JLPTResponse.swift"; sourceTree = SOURCE_ROOT; };
		1AC50CF81F6F859E007D161C /* JLPTService.swift */ = {isa = PBXFileReference; fileEncoding = 4; lastKnownFileType = sourcecode.swift; path = JLPTService.swift; sourceTree = "<group>"; };
		1AC50CFA1F6F8798007D161C /* Question.swift */ = {isa = PBXFileReference; fileEncoding = 4; lastKnownFileType = sourcecode.swift; path = Question.swift; sourceTree = "<group>"; };
		1AC50CFC1F6F9481007D161C /* ApiTets.swift */ = {isa = PBXFileReference; fileEncoding = 4; lastKnownFileType = sourcecode.swift; path = ApiTets.swift; sourceTree = "<group>"; };
		1AD2FD701F80D98B00B5167D /* ListHint.storyboard */ = {isa = PBXFileReference; lastKnownFileType = file.storyboard; path = ListHint.storyboard; sourceTree = "<group>"; };
		1AD2FD721F80D9A300B5167D /* ListHintController.swift */ = {isa = PBXFileReference; lastKnownFileType = sourcecode.swift; path = ListHintController.swift; sourceTree = "<group>"; };
		1AD2FD751F80D9CC00B5167D /* ListQuestionController.swift */ = {isa = PBXFileReference; lastKnownFileType = sourcecode.swift; path = ListQuestionController.swift; sourceTree = "<group>"; };
		1AD2FD781F80D9E000B5167D /* ListJLPTQuestion.storyboard */ = {isa = PBXFileReference; lastKnownFileType = file.storyboard; path = ListJLPTQuestion.storyboard; sourceTree = "<group>"; };
		1AD738631F6D3B7200A4A1B9 /* LessonController.swift */ = {isa = PBXFileReference; lastKnownFileType = sourcecode.swift; path = LessonController.swift; sourceTree = "<group>"; };
		1AD738651F6D3CB400A4A1B9 /* TabbarController.swift */ = {isa = PBXFileReference; lastKnownFileType = sourcecode.swift; path = TabbarController.swift; sourceTree = "<group>"; };
		1AD738671F6D3CC400A4A1B9 /* ProfileController.swift */ = {isa = PBXFileReference; lastKnownFileType = sourcecode.swift; path = ProfileController.swift; sourceTree = "<group>"; };
		1AD738691F6D3CD300A4A1B9 /* ProcessController.swift */ = {isa = PBXFileReference; lastKnownFileType = sourcecode.swift; path = ProcessController.swift; sourceTree = "<group>"; };
		1AD738751F6D3D8E00A4A1B9 /* Profile.storyboard */ = {isa = PBXFileReference; lastKnownFileType = file.storyboard; path = Profile.storyboard; sourceTree = "<group>"; };
		1AD738771F6D3DA200A4A1B9 /* Process.storyboard */ = {isa = PBXFileReference; lastKnownFileType = file.storyboard; path = Process.storyboard; sourceTree = "<group>"; };
		1AEA8B291F6D4967005A7FC0 /* BaseViewCell.swift */ = {isa = PBXFileReference; fileEncoding = 4; lastKnownFileType = sourcecode.swift; path = BaseViewCell.swift; sourceTree = "<group>"; };
		1AEA8B2B1F6D4986005A7FC0 /* CategoryViewCell.swift */ = {isa = PBXFileReference; fileEncoding = 4; lastKnownFileType = sourcecode.swift; path = CategoryViewCell.swift; sourceTree = "<group>"; };
		1AEA8B2D1F6D49DD005A7FC0 /* LessonViewCell.swift */ = {isa = PBXFileReference; fileEncoding = 4; lastKnownFileType = sourcecode.swift; path = LessonViewCell.swift; sourceTree = "<group>"; };
		1AEA8B311F6D5234005A7FC0 /* CategoryHeaderView.swift */ = {isa = PBXFileReference; fileEncoding = 4; lastKnownFileType = sourcecode.swift; path = CategoryHeaderView.swift; sourceTree = "<group>"; };
		1AF26AD01F76D6140098062A /* CustomButton.swift */ = {isa = PBXFileReference; lastKnownFileType = sourcecode.swift; path = CustomButton.swift; sourceTree = "<group>"; };
		1AF26AD71F76E51A0098062A /* PaperOnboarding.framework.dSYM */ = {isa = PBXFileReference; lastKnownFileType = wrapper.dsym; name = PaperOnboarding.framework.dSYM; path = Carthage/Build/iOS/PaperOnboarding.framework.dSYM; sourceTree = "<group>"; };
		1AF26AD91F76E52F0098062A /* PaperOnboarding.framework */ = {isa = PBXFileReference; lastKnownFileType = wrapper.framework; name = PaperOnboarding.framework; path = Carthage/Build/iOS/PaperOnboarding.framework; sourceTree = "<group>"; };
		1BC5676FCE3B13CAA3A4C05D /* Pods-jlpt-ios-releaseUITests.release.xcconfig */ = {isa = PBXFileReference; includeInIndex = 1; lastKnownFileType = text.xcconfig; name = "Pods-jlpt-ios-releaseUITests.release.xcconfig"; path = "Pods/Target Support Files/Pods-jlpt-ios-releaseUITests/Pods-jlpt-ios-releaseUITests.release.xcconfig"; sourceTree = "<group>"; };
		41E79A404AD484EE7A15F425 /* Pods-jlpt-ios-release.debug.xcconfig */ = {isa = PBXFileReference; includeInIndex = 1; lastKnownFileType = text.xcconfig; name = "Pods-jlpt-ios-release.debug.xcconfig"; path = "Pods/Target Support Files/Pods-jlpt-ios-release/Pods-jlpt-ios-release.debug.xcconfig"; sourceTree = "<group>"; };
		4FDD19180E51CA77065E9CFA /* Pods-jlpt-ios-release.release.xcconfig */ = {isa = PBXFileReference; includeInIndex = 1; lastKnownFileType = text.xcconfig; name = "Pods-jlpt-ios-release.release.xcconfig"; path = "Pods/Target Support Files/Pods-jlpt-ios-release/Pods-jlpt-ios-release.release.xcconfig"; sourceTree = "<group>"; };
		BE9914B5E17E996F26F6DB4A /* Pods-jlpt-ios-releaseUITests.debug.xcconfig */ = {isa = PBXFileReference; includeInIndex = 1; lastKnownFileType = text.xcconfig; name = "Pods-jlpt-ios-releaseUITests.debug.xcconfig"; path = "Pods/Target Support Files/Pods-jlpt-ios-releaseUITests/Pods-jlpt-ios-releaseUITests.debug.xcconfig"; sourceTree = "<group>"; };
		C08FD44EC6F84A16E0F0DAA8 /* Pods_jlpt_ios_releaseUITests.framework */ = {isa = PBXFileReference; explicitFileType = wrapper.framework; includeInIndex = 0; path = Pods_jlpt_ios_releaseUITests.framework; sourceTree = BUILT_PRODUCTS_DIR; };
		C8801B0FB1C671067D045E0C /* Pods_jlpt_ios_release.framework */ = {isa = PBXFileReference; explicitFileType = wrapper.framework; includeInIndex = 0; path = Pods_jlpt_ios_release.framework; sourceTree = BUILT_PRODUCTS_DIR; };
		DF4C22EE1F74B6C300B2CCC5 /* Alamofire.framework */ = {isa = PBXFileReference; lastKnownFileType = wrapper.framework; name = Alamofire.framework; path = Carthage/Build/iOS/Alamofire.framework; sourceTree = "<group>"; };
		DF4C22F11F74CA7E00B2CCC5 /* Result.swift */ = {isa = PBXFileReference; lastKnownFileType = sourcecode.swift; path = Result.swift; sourceTree = "<group>"; };
		DF50CD572125A82AE1988C65 /* Pods-jlpt-ios-releaseTests.debug.xcconfig */ = {isa = PBXFileReference; includeInIndex = 1; lastKnownFileType = text.xcconfig; name = "Pods-jlpt-ios-releaseTests.debug.xcconfig"; path = "Pods/Target Support Files/Pods-jlpt-ios-releaseTests/Pods-jlpt-ios-releaseTests.debug.xcconfig"; sourceTree = "<group>"; };
		DFCCB9B61F8F6E2000123170 /* Realm.framework */ = {isa = PBXFileReference; lastKnownFileType = wrapper.framework; name = Realm.framework; path = Carthage/Build/iOS/Realm.framework; sourceTree = "<group>"; };
		DFCCB9B81F8F6E5000123170 /* Charts.framework */ = {isa = PBXFileReference; lastKnownFileType = wrapper.framework; name = Charts.framework; path = Carthage/Build/iOS/Charts.framework; sourceTree = "<group>"; };
		DFCCB9E41F8F7A6300123170 /* SnapKit.framework */ = {isa = PBXFileReference; lastKnownFileType = wrapper.framework; name = SnapKit.framework; path = Carthage/Build/iOS/SnapKit.framework; sourceTree = "<group>"; };
		F3735D0CC6B88E0BABF48E98 /* Pods-jlpt-ios-releaseTests.release.xcconfig */ = {isa = PBXFileReference; includeInIndex = 1; lastKnownFileType = text.xcconfig; name = "Pods-jlpt-ios-releaseTests.release.xcconfig"; path = "Pods/Target Support Files/Pods-jlpt-ios-releaseTests/Pods-jlpt-ios-releaseTests.release.xcconfig"; sourceTree = "<group>"; };
		F47A53587C0DC2615FF3BBD7 /* Pods_jlpt_ios_releaseTests.framework */ = {isa = PBXFileReference; explicitFileType = wrapper.framework; includeInIndex = 0; path = Pods_jlpt_ios_releaseTests.framework; sourceTree = BUILT_PRODUCTS_DIR; };
/* End PBXFileReference section */

/* Begin PBXFrameworksBuildPhase section */
		1A2B25C81F512DFB00DFFD3A /* Frameworks */ = {
			isa = PBXFrameworksBuildPhase;
			buildActionMask = 2147483647;
			files = (
				DFCCB9E51F8F7A6300123170 /* SnapKit.framework in Frameworks */,
				DFCCB9B91F8F6E5000123170 /* Charts.framework in Frameworks */,
				DFCCB9B71F8F6E2000123170 /* Realm.framework in Frameworks */,
				1A46AC551F89D2E1001FF467 /* MarkdownView.framework in Frameworks */,
				1A46AC491F89AD9A001FF467 /* CoreText.framework in Frameworks */,
				1A46AC461F895208001FF467 /* RxSwift.framework in Frameworks */,
				1A46AC471F895208001FF467 /* RxCocoa.framework in Frameworks */,
				1ABBE6B51F76B98300A23796 /* Lottie.framework in Frameworks */,
				DF4C22EF1F74B6C300B2CCC5 /* Alamofire.framework in Frameworks */,
				015EE0821FC6BED4EE298993 /* Pods_jlpt_ios_release.framework in Frameworks */,
			);
			runOnlyForDeploymentPostprocessing = 0;
		};
		1A2B25DC1F512DFB00DFFD3A /* Frameworks */ = {
			isa = PBXFrameworksBuildPhase;
			buildActionMask = 2147483647;
			files = (
				938DA3C645C6A3C03128E4F2 /* Pods_jlpt_ios_releaseTests.framework in Frameworks */,
			);
			runOnlyForDeploymentPostprocessing = 0;
		};
		1A2B25E71F512DFB00DFFD3A /* Frameworks */ = {
			isa = PBXFrameworksBuildPhase;
			buildActionMask = 2147483647;
			files = (
				8B0CA1C45B0ECB1BA7EE1328 /* Pods_jlpt_ios_releaseUITests.framework in Frameworks */,
			);
			runOnlyForDeploymentPostprocessing = 0;
		};
/* End PBXFrameworksBuildPhase section */

/* Begin PBXGroup section */
		1A23E61C1F6F84C8004BB9FF /* Models */ = {
			isa = PBXGroup;
			children = (
				1A65206D1F87B93000E21905 /* Api */,
				1A65206C1F87B92600E21905 /* View Models */,
			);
			path = Models;
			sourceTree = "<group>";
		};
		1A23E61D1F6F84DB004BB9FF /* ApiService */ = {
			isa = PBXGroup;
			children = (
				1AC50CEE1F6E5A69007D161C /* ApiClient.swift */,
				1AC50CF61F6E69B8007D161C /* JLPTResponse.swift */,
				1AC50CF81F6F859E007D161C /* JLPTService.swift */,
			);
			path = ApiService;
			sourceTree = "<group>";
		};
		1A23E61F1F6F84EB004BB9FF /* Errors */ = {
			isa = PBXGroup;
			children = (
				1AC50CF01F6E5DB0007D161C /* ApiError.swift */,
				1AC50CF21F6E5E1A007D161C /* RequestError.swift */,
			);
			path = Errors;
			sourceTree = "<group>";
		};
		1A2B25C21F512DFB00DFFD3A = {
			isa = PBXGroup;
			children = (
				1A2B25CD1F512DFB00DFFD3A /* jlpt-ios-release */,
				1A2B25E21F512DFB00DFFD3A /* jlpt-ios-releaseTests */,
				1A2B25ED1F512DFB00DFFD3A /* jlpt-ios-releaseUITests */,
				1A2B25CC1F512DFB00DFFD3A /* Products */,
				2AD522E25D24A8875F36EEF9 /* Pods */,
				7F5454142D252C22DDB39D77 /* Frameworks */,
			);
			sourceTree = "<group>";
		};
		1A2B25CC1F512DFB00DFFD3A /* Products */ = {
			isa = PBXGroup;
			children = (
				1A2B25CB1F512DFB00DFFD3A /* jlpt-ios-release.app */,
				1A2B25DF1F512DFB00DFFD3A /* jlpt-ios-releaseTests.xctest */,
				1A2B25EA1F512DFB00DFFD3A /* jlpt-ios-releaseUITests.xctest */,
			);
			name = Products;
			sourceTree = "<group>";
		};
		1A2B25CD1F512DFB00DFFD3A /* jlpt-ios-release */ = {
			isa = PBXGroup;
			children = (
				1A46AC371F892183001FF467 /* Constants */,
				1A3684971F76E8AD001FEF88 /* Fonts */,
				1AF26AD21F76D65E0098062A /* Utils */,
				1A23E61F1F6F84EB004BB9FF /* Errors */,
				1A23E61D1F6F84DB004BB9FF /* ApiService */,
				1A23E61C1F6F84C8004BB9FF /* Models */,
				1AD738621F6D3B4A00A4A1B9 /* Extenssion */,
				1AD7385E1F6D3B2F00A4A1B9 /* View */,
				1AD738591F6D3B0200A4A1B9 /* UI */,
				1A6520851F8813D400E21905 /* Base.lproj */,
				1A3684A71F8001A4001FEF88 /* Assets.xcassets */,
				1A2B25CE1F512DFB00DFFD3A /* AppDelegate.swift */,
				1A2B25DA1F512DFB00DFFD3A /* Info.plist */,
				1A46AC611F8A7728001FF467 /* color.txt */,
			);
			path = "jlpt-ios-release";
			sourceTree = "<group>";
		};
		1A2B25E21F512DFB00DFFD3A /* jlpt-ios-releaseTests */ = {
			isa = PBXGroup;
			children = (
				1A2B25E51F512DFB00DFFD3A /* Info.plist */,
				1AC50CFC1F6F9481007D161C /* ApiTets.swift */,
			);
			path = "jlpt-ios-releaseTests";
			sourceTree = "<group>";
		};
		1A2B25ED1F512DFB00DFFD3A /* jlpt-ios-releaseUITests */ = {
			isa = PBXGroup;
			children = (
				1A2B25EE1F512DFB00DFFD3A /* jlpt_ios_releaseUITests.swift */,
				1A2B25F01F512DFB00DFFD3A /* Info.plist */,
			);
			path = "jlpt-ios-releaseUITests";
			sourceTree = "<group>";
		};
		1A3684971F76E8AD001FEF88 /* Fonts */ = {
			isa = PBXGroup;
			children = (
				1A3684981F76E8D6001FEF88 /* Nunito-Light.ttf */,
			);
			path = Fonts;
			sourceTree = "<group>";
		};
		1A46AC371F892183001FF467 /* Constants */ = {
			isa = PBXGroup;
			children = (
				1A46AC381F892199001FF467 /* Storyboards.swift */,
				1A46AC3C1F894479001FF467 /* Images.swift */,
				1A46AC631F8A78CC001FF467 /* Colors.swift */,
			);
			path = Constants;
			sourceTree = "<group>";
		};
		1A65206C1F87B92600E21905 /* View Models */ = {
			isa = PBXGroup;
			children = (
				1A65206E1F87B96500E21905 /* HintViewModel.swift */,
				1A65207C1F87EF7100E21905 /* HintQuestionModel.swift */,
			);
			path = "View Models";
			sourceTree = "<group>";
		};
		1A65206D1F87B93000E21905 /* Api */ = {
			isa = PBXGroup;
			children = (
				1AC50CFA1F6F8798007D161C /* Question.swift */,
				DF4C22F11F74CA7E00B2CCC5 /* Result.swift */,
				1AB04DB51F7630F600E5AC27 /* Hint.swift */,
				1AB04DBA1F76384500E5AC27 /* Unit.swift */,
			);
			path = Api;
			sourceTree = "<group>";
		};
		1A6520721F87BEAF00E21905 /* Question */ = {
			isa = PBXGroup;
			children = (
				1A46AC581F8A5E97001FF467 /* ListeningQuestionController.swift */,
				1A46AC5A1F8A5EA5001FF467 /* NomalQuestionController.swift */,
			);
			path = Question;
			sourceTree = "<group>";
		};
		1A6520851F8813D400E21905 /* Base.lproj */ = {
			isa = PBXGroup;
			children = (
				1A6520861F8813D400E21905 /* LaunchScreen.storyboard */,
				1A46AC4C1F89B703001FF467 /* TheoryHint.storyboard */,
				1AD738771F6D3DA200A4A1B9 /* Process.storyboard */,
				1AD738751F6D3D8E00A4A1B9 /* Profile.storyboard */,
				1A3684A31F7D2DFC001FEF88 /* StartApp.storyboard */,
				1A3684A51F7D3B3B001FEF88 /* Introduction.storyboard */,
				1A3684A91F8005BC001FEF88 /* ChildIntroduction.storyboard */,
				1AD2FD701F80D98B00B5167D /* ListHint.storyboard */,
				1A6520751F87BEE000E21905 /* NomalQuestion.storyboard */,
				1AD2FD781F80D9E000B5167D /* ListJLPTQuestion.storyboard */,
				1A46AC5C1F8A5FBD001FF467 /* ListeningQuestion.storyboard */,
			);
			path = Base.lproj;
			sourceTree = "<group>";
		};
		1AB79E2D1F769EE400C2F8AE /* IntroScreen */ = {
			isa = PBXGroup;
			children = (
				1AB79E2E1F769F1200C2F8AE /* IntroductionController.swift */,
				1A36849D1F7752E9001FEF88 /* ChildIntroductionController.swift */,
				1A3684A11F7D2611001FEF88 /* StartAppController.swift */,
			);
			path = IntroScreen;
			sourceTree = "<group>";
		};
		1AD2FD6E1F80D92400B5167D /* Hint */ = {
			isa = PBXGroup;
			children = (
				1A65207A1F87C6AE00E21905 /* TheoryHintController.swift */,
				1AD2FD721F80D9A300B5167D /* ListHintController.swift */,
			);
			path = Hint;
			sourceTree = "<group>";
		};
		1AD2FD6F1F80D93C00B5167D /* JLPT */ = {
			isa = PBXGroup;
			children = (
				1AD2FD751F80D9CC00B5167D /* ListQuestionController.swift */,
			);
			path = JLPT;
			sourceTree = "<group>";
		};
		1AD738591F6D3B0200A4A1B9 /* UI */ = {
			isa = PBXGroup;
			children = (
				1A6520721F87BEAF00E21905 /* Question */,
				1AD2FD6F1F80D93C00B5167D /* JLPT */,
				1AD2FD6E1F80D92400B5167D /* Hint */,
				1AB79E2D1F769EE400C2F8AE /* IntroScreen */,
				1AD7385D1F6D3B2700A4A1B9 /* Profile */,
				1AD7385C1F6D3B2000A4A1B9 /* Tabbar */,
				1AD7385B1F6D3B1100A4A1B9 /* Process */,
				1AD7385A1F6D3B0800A4A1B9 /* Lesson */,
			);
			path = UI;
			sourceTree = "<group>";
		};
		1AD7385A1F6D3B0800A4A1B9 /* Lesson */ = {
			isa = PBXGroup;
			children = (
				1AD738631F6D3B7200A4A1B9 /* LessonController.swift */,
			);
			path = Lesson;
			sourceTree = "<group>";
		};
		1AD7385B1F6D3B1100A4A1B9 /* Process */ = {
			isa = PBXGroup;
			children = (
				1AD738691F6D3CD300A4A1B9 /* ProcessController.swift */,
			);
			path = Process;
			sourceTree = "<group>";
		};
		1AD7385C1F6D3B2000A4A1B9 /* Tabbar */ = {
			isa = PBXGroup;
			children = (
				1AD738651F6D3CB400A4A1B9 /* TabbarController.swift */,
			);
			path = Tabbar;
			sourceTree = "<group>";
		};
		1AD7385D1F6D3B2700A4A1B9 /* Profile */ = {
			isa = PBXGroup;
			children = (
				1AD738671F6D3CC400A4A1B9 /* ProfileController.swift */,
			);
			path = Profile;
			sourceTree = "<group>";
		};
		1AD7385E1F6D3B2F00A4A1B9 /* View */ = {
			isa = PBXGroup;
			children = (
				1AF26ACF1F76D5FE0098062A /* CustomView */,
				1AD7385F1F6D3B3500A4A1B9 /* ViewCell */,
			);
			path = View;
			sourceTree = "<group>";
		};
		1AD7385F1F6D3B3500A4A1B9 /* ViewCell */ = {
			isa = PBXGroup;
			children = (
				1A6520641F851D5A00E21905 /* HintCell.swift */,
				1AEA8B291F6D4967005A7FC0 /* BaseViewCell.swift */,
				1AEA8B2B1F6D4986005A7FC0 /* CategoryViewCell.swift */,
				1AEA8B2D1F6D49DD005A7FC0 /* LessonViewCell.swift */,
				1AEA8B311F6D5234005A7FC0 /* CategoryHeaderView.swift */,
				1A3E516F1F8B44550025F4E2 /* NomalQuestionCell.swift */,
			);
			path = ViewCell;
			sourceTree = "<group>";
		};
		1AD738621F6D3B4A00A4A1B9 /* Extenssion */ = {
			isa = PBXGroup;
			children = (
				1A136C3D1F6D3E7D00DF343E /* UIView+Contraints.swift */,
				1A46AC5F1F8A6602001FF467 /* UIViewController+NavigationBar.swift */,
			);
			path = Extenssion;
			sourceTree = "<group>";
		};
		1AF26ACF1F76D5FE0098062A /* CustomView */ = {
			isa = PBXGroup;
			children = (
				1AF26AD01F76D6140098062A /* CustomButton.swift */,
				1A65206A1F866A4200E21905 /* CardView.swift */,
				1A46AC4A1F89ADF2001FF467 /* CTView.swift */,
				1A3E516B1F8B1C9B0025F4E2 /* TDRadioButton.swift */,
			);
			path = CustomView;
			sourceTree = "<group>";
		};
		1AF26AD21F76D65E0098062A /* Utils */ = {
			isa = PBXGroup;
			children = (
			);
			path = Utils;
			sourceTree = "<group>";
		};
		2AD522E25D24A8875F36EEF9 /* Pods */ = {
			isa = PBXGroup;
			children = (
				41E79A404AD484EE7A15F425 /* Pods-jlpt-ios-release.debug.xcconfig */,
				4FDD19180E51CA77065E9CFA /* Pods-jlpt-ios-release.release.xcconfig */,
				DF50CD572125A82AE1988C65 /* Pods-jlpt-ios-releaseTests.debug.xcconfig */,
				F3735D0CC6B88E0BABF48E98 /* Pods-jlpt-ios-releaseTests.release.xcconfig */,
				BE9914B5E17E996F26F6DB4A /* Pods-jlpt-ios-releaseUITests.debug.xcconfig */,
				1BC5676FCE3B13CAA3A4C05D /* Pods-jlpt-ios-releaseUITests.release.xcconfig */,
			);
			name = Pods;
			sourceTree = "<group>";
		};
		7F5454142D252C22DDB39D77 /* Frameworks */ = {
			isa = PBXGroup;
			children = (
				DFCCB9E41F8F7A6300123170 /* SnapKit.framework */,
				DFCCB9B81F8F6E5000123170 /* Charts.framework */,
				DFCCB9B61F8F6E2000123170 /* Realm.framework */,
				1A46AC541F89D2E1001FF467 /* MarkdownView.framework */,
				1A46AC481F89AD9A001FF467 /* CoreText.framework */,
				1A46AC451F895207001FF467 /* RxCocoa.framework */,
				1A46AC441F895206001FF467 /* RxSwift.framework */,
				1AF26AD91F76E52F0098062A /* PaperOnboarding.framework */,
				1AF26AD71F76E51A0098062A /* PaperOnboarding.framework.dSYM */,
				1ABBE6B41F76B98300A23796 /* Lottie.framework */,
				DF4C22EE1F74B6C300B2CCC5 /* Alamofire.framework */,
				C8801B0FB1C671067D045E0C /* Pods_jlpt_ios_release.framework */,
				F47A53587C0DC2615FF3BBD7 /* Pods_jlpt_ios_releaseTests.framework */,
				C08FD44EC6F84A16E0F0DAA8 /* Pods_jlpt_ios_releaseUITests.framework */,
			);
			name = Frameworks;
			sourceTree = "<group>";
		};
/* End PBXGroup section */

/* Begin PBXNativeTarget section */
		1A2B25CA1F512DFB00DFFD3A /* jlpt-ios-release */ = {
			isa = PBXNativeTarget;
			buildConfigurationList = 1A2B25F31F512DFB00DFFD3A /* Build configuration list for PBXNativeTarget "jlpt-ios-release" */;
			buildPhases = (
				8610E37D477FE7ECED8E5E68 /* [CP] Check Pods Manifest.lock */,
				1A2B25C71F512DFB00DFFD3A /* Sources */,
				1A2B25C81F512DFB00DFFD3A /* Frameworks */,
				1A2B25C91F512DFB00DFFD3A /* Resources */,
				E58FFD8FCD879651A28CC8D9 /* [CP] Embed Pods Frameworks */,
				7DC722B89DC98CD6B98A4E1F /* [CP] Copy Pods Resources */,
				1A2B25FC1F513B0100DFFD3A /* Fabric */,
				DF4C22F01F74B6D800B2CCC5 /* Carthage */,
			);
			buildRules = (
			);
			dependencies = (
			);
			name = "jlpt-ios-release";
			productName = "jlpt-ios-release";
			productReference = 1A2B25CB1F512DFB00DFFD3A /* jlpt-ios-release.app */;
			productType = "com.apple.product-type.application";
		};
		1A2B25DE1F512DFB00DFFD3A /* jlpt-ios-releaseTests */ = {
			isa = PBXNativeTarget;
			buildConfigurationList = 1A2B25F61F512DFB00DFFD3A /* Build configuration list for PBXNativeTarget "jlpt-ios-releaseTests" */;
			buildPhases = (
				6D014EF299671923E9D7BBC2 /* [CP] Check Pods Manifest.lock */,
				1A2B25DB1F512DFB00DFFD3A /* Sources */,
				1A2B25DC1F512DFB00DFFD3A /* Frameworks */,
				1A2B25DD1F512DFB00DFFD3A /* Resources */,
				2BF1B70450A59E3E2322D57D /* [CP] Embed Pods Frameworks */,
				F35C46F40D48EE49C9083CCD /* [CP] Copy Pods Resources */,
			);
			buildRules = (
			);
			dependencies = (
				1A2B25E11F512DFB00DFFD3A /* PBXTargetDependency */,
			);
			name = "jlpt-ios-releaseTests";
			productName = "jlpt-ios-releaseTests";
			productReference = 1A2B25DF1F512DFB00DFFD3A /* jlpt-ios-releaseTests.xctest */;
			productType = "com.apple.product-type.bundle.unit-test";
		};
		1A2B25E91F512DFB00DFFD3A /* jlpt-ios-releaseUITests */ = {
			isa = PBXNativeTarget;
			buildConfigurationList = 1A2B25F91F512DFB00DFFD3A /* Build configuration list for PBXNativeTarget "jlpt-ios-releaseUITests" */;
			buildPhases = (
				5F4CA9BE53F0F80B2729AC33 /* [CP] Check Pods Manifest.lock */,
				1A2B25E61F512DFB00DFFD3A /* Sources */,
				1A2B25E71F512DFB00DFFD3A /* Frameworks */,
				1A2B25E81F512DFB00DFFD3A /* Resources */,
				5B1AE9D3B46B6EE22065A480 /* [CP] Embed Pods Frameworks */,
				8FEF36E1D3158D7E2DCFC169 /* [CP] Copy Pods Resources */,
			);
			buildRules = (
			);
			dependencies = (
				1A2B25EC1F512DFB00DFFD3A /* PBXTargetDependency */,
			);
			name = "jlpt-ios-releaseUITests";
			productName = "jlpt-ios-releaseUITests";
			productReference = 1A2B25EA1F512DFB00DFFD3A /* jlpt-ios-releaseUITests.xctest */;
			productType = "com.apple.product-type.bundle.ui-testing";
		};
/* End PBXNativeTarget section */

/* Begin PBXProject section */
		1A2B25C31F512DFB00DFFD3A /* Project object */ = {
			isa = PBXProject;
			attributes = {
				LastSwiftUpdateCheck = 0830;
				LastUpgradeCheck = 0900;
				ORGANIZATIONNAME = "Nguyen Trong Tung";
				TargetAttributes = {
					1A2B25CA1F512DFB00DFFD3A = {
						CreatedOnToolsVersion = 8.3.3;
						DevelopmentTeam = 2327GHP7NU;
						LastSwiftMigration = 0900;
						ProvisioningStyle = Automatic;
					};
					1A2B25DE1F512DFB00DFFD3A = {
						CreatedOnToolsVersion = 8.3.3;
						DevelopmentTeam = 85BU48MB4T;
						LastSwiftMigration = 0900;
						ProvisioningStyle = Automatic;
						TestTargetID = 1A2B25CA1F512DFB00DFFD3A;
					};
					1A2B25E91F512DFB00DFFD3A = {
						CreatedOnToolsVersion = 8.3.3;
						DevelopmentTeam = 85BU48MB4T;
						LastSwiftMigration = 0900;
						ProvisioningStyle = Automatic;
						TestTargetID = 1A2B25CA1F512DFB00DFFD3A;
					};
				};
			};
			buildConfigurationList = 1A2B25C61F512DFB00DFFD3A /* Build configuration list for PBXProject "jlpt-ios-release" */;
			compatibilityVersion = "Xcode 3.2";
			developmentRegion = English;
			hasScannedForEncodings = 0;
			knownRegions = (
				en,
				Base,
			);
			mainGroup = 1A2B25C21F512DFB00DFFD3A;
			productRefGroup = 1A2B25CC1F512DFB00DFFD3A /* Products */;
			projectDirPath = "";
			projectRoot = "";
			targets = (
				1A2B25CA1F512DFB00DFFD3A /* jlpt-ios-release */,
				1A2B25DE1F512DFB00DFFD3A /* jlpt-ios-releaseTests */,
				1A2B25E91F512DFB00DFFD3A /* jlpt-ios-releaseUITests */,
			);
		};
/* End PBXProject section */

/* Begin PBXResourcesBuildPhase section */
		1A2B25C91F512DFB00DFFD3A /* Resources */ = {
			isa = PBXResourcesBuildPhase;
			buildActionMask = 2147483647;
			files = (
				1A46AC5E1F8A5FBD001FF467 /* ListeningQuestion.storyboard in Resources */,
				1AD2FD711F80D98B00B5167D /* ListHint.storyboard in Resources */,
				1A46AC4E1F89B703001FF467 /* TheoryHint.storyboard in Resources */,
				1A3684AA1F8005BC001FEF88 /* ChildIntroduction.storyboard in Resources */,
				1AD738781F6D3DA200A4A1B9 /* Process.storyboard in Resources */,
				1A3684A61F7D3B3B001FEF88 /* Introduction.storyboard in Resources */,
				1AD2FD791F80D9E000B5167D /* ListJLPTQuestion.storyboard in Resources */,
				1A3684A41F7D2DFC001FEF88 /* StartApp.storyboard in Resources */,
				1A65208A1F8813D500E21905 /* LaunchScreen.storyboard in Resources */,
				1A3684A81F8001A4001FEF88 /* Assets.xcassets in Resources */,
				1AD738761F6D3D8E00A4A1B9 /* Profile.storyboard in Resources */,
				1A6520761F87BEE000E21905 /* NomalQuestion.storyboard in Resources */,
				1A46AC621F8A7728001FF467 /* color.txt in Resources */,
			);
			runOnlyForDeploymentPostprocessing = 0;
		};
		1A2B25DD1F512DFB00DFFD3A /* Resources */ = {
			isa = PBXResourcesBuildPhase;
			buildActionMask = 2147483647;
			files = (
			);
			runOnlyForDeploymentPostprocessing = 0;
		};
		1A2B25E81F512DFB00DFFD3A /* Resources */ = {
			isa = PBXResourcesBuildPhase;
			buildActionMask = 2147483647;
			files = (
			);
			runOnlyForDeploymentPostprocessing = 0;
		};
/* End PBXResourcesBuildPhase section */

/* Begin PBXShellScriptBuildPhase section */
		1A2B25FC1F513B0100DFFD3A /* Fabric */ = {
			isa = PBXShellScriptBuildPhase;
			buildActionMask = 2147483647;
			files = (
			);
			inputPaths = (
			);
			name = Fabric;
			outputPaths = (
			);
			runOnlyForDeploymentPostprocessing = 0;
			shellPath = /bin/sh;
			shellScript = "\"${PODS_ROOT}/Fabric/run\" 435abf63424356a66fa71e0949da0e0d9998ef68 60a8460854494e7528513624e0fb8585b63086bdaeb5818029bcb2efeb81b375";
		};
		2BF1B70450A59E3E2322D57D /* [CP] Embed Pods Frameworks */ = {
			isa = PBXShellScriptBuildPhase;
			buildActionMask = 2147483647;
			files = (
			);
			inputPaths = (
			);
			name = "[CP] Embed Pods Frameworks";
			outputPaths = (
			);
			runOnlyForDeploymentPostprocessing = 0;
			shellPath = /bin/sh;
			shellScript = "\"${SRCROOT}/Pods/Target Support Files/Pods-jlpt-ios-releaseTests/Pods-jlpt-ios-releaseTests-frameworks.sh\"\n";
			showEnvVarsInLog = 0;
		};
		5B1AE9D3B46B6EE22065A480 /* [CP] Embed Pods Frameworks */ = {
			isa = PBXShellScriptBuildPhase;
			buildActionMask = 2147483647;
			files = (
			);
			inputPaths = (
			);
			name = "[CP] Embed Pods Frameworks";
			outputPaths = (
			);
			runOnlyForDeploymentPostprocessing = 0;
			shellPath = /bin/sh;
			shellScript = "\"${SRCROOT}/Pods/Target Support Files/Pods-jlpt-ios-releaseUITests/Pods-jlpt-ios-releaseUITests-frameworks.sh\"\n";
			showEnvVarsInLog = 0;
		};
		5F4CA9BE53F0F80B2729AC33 /* [CP] Check Pods Manifest.lock */ = {
			isa = PBXShellScriptBuildPhase;
			buildActionMask = 2147483647;
			files = (
			);
			inputPaths = (
				"${PODS_PODFILE_DIR_PATH}/Podfile.lock",
				"${PODS_ROOT}/Manifest.lock",
			);
			name = "[CP] Check Pods Manifest.lock";
			outputPaths = (
				"$(DERIVED_FILE_DIR)/Pods-jlpt-ios-releaseUITests-checkManifestLockResult.txt",
			);
			runOnlyForDeploymentPostprocessing = 0;
			shellPath = /bin/sh;
			shellScript = "diff \"${PODS_PODFILE_DIR_PATH}/Podfile.lock\" \"${PODS_ROOT}/Manifest.lock\" > /dev/null\nif [ $? != 0 ] ; then\n    # print error to STDERR\n    echo \"error: The sandbox is not in sync with the Podfile.lock. Run 'pod install' or update your CocoaPods installation.\" >&2\n    exit 1\nfi\n# This output is used by Xcode 'outputs' to avoid re-running this script phase.\necho \"SUCCESS\" > \"${SCRIPT_OUTPUT_FILE_0}\"\n";
			showEnvVarsInLog = 0;
		};
		6D014EF299671923E9D7BBC2 /* [CP] Check Pods Manifest.lock */ = {
			isa = PBXShellScriptBuildPhase;
			buildActionMask = 2147483647;
			files = (
			);
			inputPaths = (
				"${PODS_PODFILE_DIR_PATH}/Podfile.lock",
				"${PODS_ROOT}/Manifest.lock",
			);
			name = "[CP] Check Pods Manifest.lock";
			outputPaths = (
				"$(DERIVED_FILE_DIR)/Pods-jlpt-ios-releaseTests-checkManifestLockResult.txt",
			);
			runOnlyForDeploymentPostprocessing = 0;
			shellPath = /bin/sh;
			shellScript = "diff \"${PODS_PODFILE_DIR_PATH}/Podfile.lock\" \"${PODS_ROOT}/Manifest.lock\" > /dev/null\nif [ $? != 0 ] ; then\n    # print error to STDERR\n    echo \"error: The sandbox is not in sync with the Podfile.lock. Run 'pod install' or update your CocoaPods installation.\" >&2\n    exit 1\nfi\n# This output is used by Xcode 'outputs' to avoid re-running this script phase.\necho \"SUCCESS\" > \"${SCRIPT_OUTPUT_FILE_0}\"\n";
			showEnvVarsInLog = 0;
		};
		7DC722B89DC98CD6B98A4E1F /* [CP] Copy Pods Resources */ = {
			isa = PBXShellScriptBuildPhase;
			buildActionMask = 2147483647;
			files = (
			);
			inputPaths = (
			);
			name = "[CP] Copy Pods Resources";
			outputPaths = (
			);
			runOnlyForDeploymentPostprocessing = 0;
			shellPath = /bin/sh;
			shellScript = "\"${SRCROOT}/Pods/Target Support Files/Pods-jlpt-ios-release/Pods-jlpt-ios-release-resources.sh\"\n";
			showEnvVarsInLog = 0;
		};
		8610E37D477FE7ECED8E5E68 /* [CP] Check Pods Manifest.lock */ = {
			isa = PBXShellScriptBuildPhase;
			buildActionMask = 2147483647;
			files = (
			);
			inputPaths = (
				"${PODS_PODFILE_DIR_PATH}/Podfile.lock",
				"${PODS_ROOT}/Manifest.lock",
			);
			name = "[CP] Check Pods Manifest.lock";
			outputPaths = (
				"$(DERIVED_FILE_DIR)/Pods-jlpt-ios-release-checkManifestLockResult.txt",
			);
			runOnlyForDeploymentPostprocessing = 0;
			shellPath = /bin/sh;
			shellScript = "diff \"${PODS_PODFILE_DIR_PATH}/Podfile.lock\" \"${PODS_ROOT}/Manifest.lock\" > /dev/null\nif [ $? != 0 ] ; then\n    # print error to STDERR\n    echo \"error: The sandbox is not in sync with the Podfile.lock. Run 'pod install' or update your CocoaPods installation.\" >&2\n    exit 1\nfi\n# This output is used by Xcode 'outputs' to avoid re-running this script phase.\necho \"SUCCESS\" > \"${SCRIPT_OUTPUT_FILE_0}\"\n";
			showEnvVarsInLog = 0;
		};
		8FEF36E1D3158D7E2DCFC169 /* [CP] Copy Pods Resources */ = {
			isa = PBXShellScriptBuildPhase;
			buildActionMask = 2147483647;
			files = (
			);
			inputPaths = (
			);
			name = "[CP] Copy Pods Resources";
			outputPaths = (
			);
			runOnlyForDeploymentPostprocessing = 0;
			shellPath = /bin/sh;
			shellScript = "\"${SRCROOT}/Pods/Target Support Files/Pods-jlpt-ios-releaseUITests/Pods-jlpt-ios-releaseUITests-resources.sh\"\n";
			showEnvVarsInLog = 0;
		};
		DF4C22F01F74B6D800B2CCC5 /* Carthage */ = {
			isa = PBXShellScriptBuildPhase;
			buildActionMask = 2147483647;
			files = (
			);
			inputPaths = (
				"$(SRCROOT)/Carthage/Build/iOS/Alamofire.framework",
				"$(SRCROOT)/Carthage/Build/iOS/Lottie.framework",
				"$(SRCROOT)/Carthage/Build/iOS/RxSwift.framework",
				"$(SRCROOT)/Carthage/Build/iOS/RxCocoa.framework",
				"$(SRCROOT)/Carthage/Build/iOS/MarkdownView.framework",
				"$(SRCROOT)/Carthage/Build/iOS/Realm.framework",
				"$(SRCROOT)/Carthage/Build/iOS/Charts.framework",
				"$(SRCROOT)/Carthage/Build/iOS/Snapkit.framework",
			);
			name = Carthage;
			outputPaths = (
			);
			runOnlyForDeploymentPostprocessing = 0;
			shellPath = /bin/sh;
			shellScript = "/usr/local/bin/carthage copy-frameworks";
		};
		E58FFD8FCD879651A28CC8D9 /* [CP] Embed Pods Frameworks */ = {
			isa = PBXShellScriptBuildPhase;
			buildActionMask = 2147483647;
			files = (
			);
			inputPaths = (
				"${SRCROOT}/Pods/Target Support Files/Pods-jlpt-ios-release/Pods-jlpt-ios-release-frameworks.sh",
				"${BUILT_PRODUCTS_DIR}/Himotoki/Himotoki.framework",
			);
			name = "[CP] Embed Pods Frameworks";
			outputPaths = (
				"${TARGET_BUILD_DIR}/${FRAMEWORKS_FOLDER_PATH}/Himotoki.framework",
			);
			runOnlyForDeploymentPostprocessing = 0;
			shellPath = /bin/sh;
			shellScript = "\"${SRCROOT}/Pods/Target Support Files/Pods-jlpt-ios-release/Pods-jlpt-ios-release-frameworks.sh\"\n";
			showEnvVarsInLog = 0;
		};
		F35C46F40D48EE49C9083CCD /* [CP] Copy Pods Resources */ = {
			isa = PBXShellScriptBuildPhase;
			buildActionMask = 2147483647;
			files = (
			);
			inputPaths = (
			);
			name = "[CP] Copy Pods Resources";
			outputPaths = (
			);
			runOnlyForDeploymentPostprocessing = 0;
			shellPath = /bin/sh;
			shellScript = "\"${SRCROOT}/Pods/Target Support Files/Pods-jlpt-ios-releaseTests/Pods-jlpt-ios-releaseTests-resources.sh\"\n";
			showEnvVarsInLog = 0;
		};
/* End PBXShellScriptBuildPhase section */

/* Begin PBXSourcesBuildPhase section */
		1A2B25C71F512DFB00DFFD3A /* Sources */ = {
			isa = PBXSourcesBuildPhase;
			buildActionMask = 2147483647;
			files = (
				1AD738681F6D3CC400A4A1B9 /* ProfileController.swift in Sources */,
				1AB04DB61F7630F600E5AC27 /* Hint.swift in Sources */,
				1A6520651F851D5A00E21905 /* HintCell.swift in Sources */,
				1AEA8B331F6D5234005A7FC0 /* CategoryHeaderView.swift in Sources */,
				1AD2FD731F80D9A300B5167D /* ListHintController.swift in Sources */,
				1AB04DBB1F76384500E5AC27 /* Unit.swift in Sources */,
				DF4C22F21F74CA7E00B2CCC5 /* Result.swift in Sources */,
				1A136C3E1F6D3E7D00DF343E /* UIView+Contraints.swift in Sources */,
				1AC50CFB1F6F8798007D161C /* Question.swift in Sources */,
				1A65207B1F87C6AE00E21905 /* TheoryHintController.swift in Sources */,
				1A65206B1F866A4200E21905 /* CardView.swift in Sources */,
				1AC50CF71F6E69B8007D161C /* JLPTResponse.swift in Sources */,
				1AC50CF91F6F859E007D161C /* JLPTService.swift in Sources */,
				1A46AC3D1F894479001FF467 /* Images.swift in Sources */,
				1A46AC4B1F89ADF2001FF467 /* CTView.swift in Sources */,
				1A65206F1F87B96500E21905 /* HintViewModel.swift in Sources */,
				1AD2FD761F80D9CC00B5167D /* ListQuestionController.swift in Sources */,
				1A46AC391F892199001FF467 /* Storyboards.swift in Sources */,
				1A46AC591F8A5E97001FF467 /* ListeningQuestionController.swift in Sources */,
				1A3E516C1F8B1C9B0025F4E2 /* TDRadioButton.swift in Sources */,
				1AEA8B2C1F6D4986005A7FC0 /* CategoryViewCell.swift in Sources */,
				1AEA8B2E1F6D49DD005A7FC0 /* LessonViewCell.swift in Sources */,
				1A3E51701F8B44550025F4E2 /* NomalQuestionCell.swift in Sources */,
				1A3684A21F7D2611001FEF88 /* StartAppController.swift in Sources */,
				1AB79E2F1F769F1200C2F8AE /* IntroductionController.swift in Sources */,
				1A46AC5B1F8A5EA5001FF467 /* NomalQuestionController.swift in Sources */,
				1AC50CF11F6E5DB0007D161C /* ApiError.swift in Sources */,
				1AD738661F6D3CB400A4A1B9 /* TabbarController.swift in Sources */,
				1AC50CEF1F6E5A69007D161C /* ApiClient.swift in Sources */,
				1AD7386A1F6D3CD300A4A1B9 /* ProcessController.swift in Sources */,
				1AC50CF31F6E5E1A007D161C /* RequestError.swift in Sources */,
				1AF26AD11F76D6140098062A /* CustomButton.swift in Sources */,
				1A46AC641F8A78CC001FF467 /* Colors.swift in Sources */,
				1AD738641F6D3B7200A4A1B9 /* LessonController.swift in Sources */,
				1AEA8B2A1F6D4967005A7FC0 /* BaseViewCell.swift in Sources */,
				1A46AC601F8A6602001FF467 /* UIViewController+NavigationBar.swift in Sources */,
				1A2B25CF1F512DFB00DFFD3A /* AppDelegate.swift in Sources */,
				1A65207D1F87EF7100E21905 /* HintQuestionModel.swift in Sources */,
				1A36849E1F7752E9001FEF88 /* ChildIntroductionController.swift in Sources */,
			);
			runOnlyForDeploymentPostprocessing = 0;
		};
		1A2B25DB1F512DFB00DFFD3A /* Sources */ = {
			isa = PBXSourcesBuildPhase;
			buildActionMask = 2147483647;
			files = (
				1AC50CFD1F6F9481007D161C /* ApiTets.swift in Sources */,
			);
			runOnlyForDeploymentPostprocessing = 0;
		};
		1A2B25E61F512DFB00DFFD3A /* Sources */ = {
			isa = PBXSourcesBuildPhase;
			buildActionMask = 2147483647;
			files = (
				1A2B25EF1F512DFB00DFFD3A /* jlpt_ios_releaseUITests.swift in Sources */,
			);
			runOnlyForDeploymentPostprocessing = 0;
		};
/* End PBXSourcesBuildPhase section */

/* Begin PBXTargetDependency section */
		1A2B25E11F512DFB00DFFD3A /* PBXTargetDependency */ = {
			isa = PBXTargetDependency;
			target = 1A2B25CA1F512DFB00DFFD3A /* jlpt-ios-release */;
			targetProxy = 1A2B25E01F512DFB00DFFD3A /* PBXContainerItemProxy */;
		};
		1A2B25EC1F512DFB00DFFD3A /* PBXTargetDependency */ = {
			isa = PBXTargetDependency;
			target = 1A2B25CA1F512DFB00DFFD3A /* jlpt-ios-release */;
			targetProxy = 1A2B25EB1F512DFB00DFFD3A /* PBXContainerItemProxy */;
		};
/* End PBXTargetDependency section */

/* Begin PBXVariantGroup section */
		1A46AC4C1F89B703001FF467 /* TheoryHint.storyboard */ = {
			isa = PBXVariantGroup;
			children = (
				1A46AC4D1F89B703001FF467 /* Base */,
			);
			name = TheoryHint.storyboard;
			sourceTree = "<group>";
		};
		1A46AC5C1F8A5FBD001FF467 /* ListeningQuestion.storyboard */ = {
			isa = PBXVariantGroup;
			children = (
				1A46AC5D1F8A5FBD001FF467 /* Base */,
			);
			name = ListeningQuestion.storyboard;
			sourceTree = "<group>";
		};
		1A6520861F8813D400E21905 /* LaunchScreen.storyboard */ = {
			isa = PBXVariantGroup;
			children = (
				1A6520871F8813D400E21905 /* Base */,
			);
			name = LaunchScreen.storyboard;
			sourceTree = "<group>";
		};
/* End PBXVariantGroup section */

/* Begin XCBuildConfiguration section */
		1A2B25F11F512DFB00DFFD3A /* Debug */ = {
			isa = XCBuildConfiguration;
			buildSettings = {
				ALWAYS_SEARCH_USER_PATHS = NO;
				CLANG_ANALYZER_NONNULL = YES;
				CLANG_ANALYZER_NUMBER_OBJECT_CONVERSION = YES_AGGRESSIVE;
				CLANG_CXX_LANGUAGE_STANDARD = "gnu++0x";
				CLANG_CXX_LIBRARY = "libc++";
				CLANG_ENABLE_MODULES = YES;
				CLANG_ENABLE_OBJC_ARC = YES;
				CLANG_WARN_BLOCK_CAPTURE_AUTORELEASING = YES;
				CLANG_WARN_BOOL_CONVERSION = YES;
				CLANG_WARN_COMMA = YES;
				CLANG_WARN_CONSTANT_CONVERSION = YES;
				CLANG_WARN_DIRECT_OBJC_ISA_USAGE = YES_ERROR;
				CLANG_WARN_DOCUMENTATION_COMMENTS = YES;
				CLANG_WARN_EMPTY_BODY = YES;
				CLANG_WARN_ENUM_CONVERSION = YES;
				CLANG_WARN_INFINITE_RECURSION = YES;
				CLANG_WARN_INT_CONVERSION = YES;
				CLANG_WARN_NON_LITERAL_NULL_CONVERSION = YES;
				CLANG_WARN_OBJC_LITERAL_CONVERSION = YES;
				CLANG_WARN_OBJC_ROOT_CLASS = YES_ERROR;
				CLANG_WARN_RANGE_LOOP_ANALYSIS = YES;
				CLANG_WARN_STRICT_PROTOTYPES = YES;
				CLANG_WARN_SUSPICIOUS_MOVE = YES;
				CLANG_WARN_UNREACHABLE_CODE = YES;
				CLANG_WARN__DUPLICATE_METHOD_MATCH = YES;
				"CODE_SIGN_IDENTITY[sdk=iphoneos*]" = "iPhone Developer";
				COPY_PHASE_STRIP = NO;
				DEBUG_INFORMATION_FORMAT = dwarf;
				ENABLE_STRICT_OBJC_MSGSEND = YES;
				ENABLE_TESTABILITY = YES;
				GCC_C_LANGUAGE_STANDARD = gnu99;
				GCC_DYNAMIC_NO_PIC = NO;
				GCC_NO_COMMON_BLOCKS = YES;
				GCC_OPTIMIZATION_LEVEL = 0;
				GCC_PREPROCESSOR_DEFINITIONS = (
					"DEBUG=1",
					"$(inherited)",
				);
				GCC_WARN_64_TO_32_BIT_CONVERSION = YES;
				GCC_WARN_ABOUT_RETURN_TYPE = YES_ERROR;
				GCC_WARN_UNDECLARED_SELECTOR = YES;
				GCC_WARN_UNINITIALIZED_AUTOS = YES_AGGRESSIVE;
				GCC_WARN_UNUSED_FUNCTION = YES;
				GCC_WARN_UNUSED_VARIABLE = YES;
				IPHONEOS_DEPLOYMENT_TARGET = 10.3;
				MTL_ENABLE_DEBUG_INFO = YES;
				ONLY_ACTIVE_ARCH = YES;
				SDKROOT = iphoneos;
				SWIFT_ACTIVE_COMPILATION_CONDITIONS = DEBUG;
				SWIFT_OPTIMIZATION_LEVEL = "-Onone";
			};
			name = Debug;
		};
		1A2B25F21F512DFB00DFFD3A /* Release */ = {
			isa = XCBuildConfiguration;
			buildSettings = {
				ALWAYS_SEARCH_USER_PATHS = NO;
				CLANG_ANALYZER_NONNULL = YES;
				CLANG_ANALYZER_NUMBER_OBJECT_CONVERSION = YES_AGGRESSIVE;
				CLANG_CXX_LANGUAGE_STANDARD = "gnu++0x";
				CLANG_CXX_LIBRARY = "libc++";
				CLANG_ENABLE_MODULES = YES;
				CLANG_ENABLE_OBJC_ARC = YES;
				CLANG_WARN_BLOCK_CAPTURE_AUTORELEASING = YES;
				CLANG_WARN_BOOL_CONVERSION = YES;
				CLANG_WARN_COMMA = YES;
				CLANG_WARN_CONSTANT_CONVERSION = YES;
				CLANG_WARN_DIRECT_OBJC_ISA_USAGE = YES_ERROR;
				CLANG_WARN_DOCUMENTATION_COMMENTS = YES;
				CLANG_WARN_EMPTY_BODY = YES;
				CLANG_WARN_ENUM_CONVERSION = YES;
				CLANG_WARN_INFINITE_RECURSION = YES;
				CLANG_WARN_INT_CONVERSION = YES;
				CLANG_WARN_NON_LITERAL_NULL_CONVERSION = YES;
				CLANG_WARN_OBJC_LITERAL_CONVERSION = YES;
				CLANG_WARN_OBJC_ROOT_CLASS = YES_ERROR;
				CLANG_WARN_RANGE_LOOP_ANALYSIS = YES;
				CLANG_WARN_STRICT_PROTOTYPES = YES;
				CLANG_WARN_SUSPICIOUS_MOVE = YES;
				CLANG_WARN_UNREACHABLE_CODE = YES;
				CLANG_WARN__DUPLICATE_METHOD_MATCH = YES;
				"CODE_SIGN_IDENTITY[sdk=iphoneos*]" = "iPhone Developer";
				COPY_PHASE_STRIP = NO;
				DEBUG_INFORMATION_FORMAT = "dwarf-with-dsym";
				ENABLE_NS_ASSERTIONS = NO;
				ENABLE_STRICT_OBJC_MSGSEND = YES;
				GCC_C_LANGUAGE_STANDARD = gnu99;
				GCC_NO_COMMON_BLOCKS = YES;
				GCC_WARN_64_TO_32_BIT_CONVERSION = YES;
				GCC_WARN_ABOUT_RETURN_TYPE = YES_ERROR;
				GCC_WARN_UNDECLARED_SELECTOR = YES;
				GCC_WARN_UNINITIALIZED_AUTOS = YES_AGGRESSIVE;
				GCC_WARN_UNUSED_FUNCTION = YES;
				GCC_WARN_UNUSED_VARIABLE = YES;
				IPHONEOS_DEPLOYMENT_TARGET = 10.3;
				MTL_ENABLE_DEBUG_INFO = NO;
				SDKROOT = iphoneos;
				SWIFT_OPTIMIZATION_LEVEL = "-Owholemodule";
				VALIDATE_PRODUCT = YES;
			};
			name = Release;
		};
		1A2B25F41F512DFB00DFFD3A /* Debug */ = {
			isa = XCBuildConfiguration;
			baseConfigurationReference = 41E79A404AD484EE7A15F425 /* Pods-jlpt-ios-release.debug.xcconfig */;
			buildSettings = {
				ASSETCATALOG_COMPILER_APPICON_NAME = AppIcon;
				CLANG_ENABLE_MODULES = YES;
				DEBUG_INFORMATION_FORMAT = "dwarf-with-dsym";
				DEVELOPMENT_TEAM = 2327GHP7NU;
				FRAMEWORK_SEARCH_PATHS = (
					"$(inherited)",
					"$(PROJECT_DIR)/Carthage/Build/iOS",
				);
				INFOPLIST_FILE = "jlpt-ios-release/Info.plist";
				LD_RUNPATH_SEARCH_PATHS = "$(inherited) @executable_path/Frameworks";
				PRODUCT_BUNDLE_IDENTIFIER = "com.xxthaodan.jlpt-ios-release";
				PRODUCT_NAME = "$(TARGET_NAME)";
				SWIFT_OPTIMIZATION_LEVEL = "-Onone";
				SWIFT_SWIFT3_OBJC_INFERENCE = Off;
				SWIFT_VERSION = 4.0;
			};
			name = Debug;
		};
		1A2B25F51F512DFB00DFFD3A /* Release */ = {
			isa = XCBuildConfiguration;
			baseConfigurationReference = 4FDD19180E51CA77065E9CFA /* Pods-jlpt-ios-release.release.xcconfig */;
			buildSettings = {
				ASSETCATALOG_COMPILER_APPICON_NAME = AppIcon;
				CLANG_ENABLE_MODULES = YES;
				DEVELOPMENT_TEAM = 2327GHP7NU;
				FRAMEWORK_SEARCH_PATHS = (
					"$(inherited)",
					"$(PROJECT_DIR)/Carthage/Build/iOS",
				);
				INFOPLIST_FILE = "jlpt-ios-release/Info.plist";
				LD_RUNPATH_SEARCH_PATHS = "$(inherited) @executable_path/Frameworks";
				PRODUCT_BUNDLE_IDENTIFIER = "com.xxthaodan.jlpt-ios-release";
				PRODUCT_NAME = "$(TARGET_NAME)";
				SWIFT_SWIFT3_OBJC_INFERENCE = Off;
				SWIFT_VERSION = 4.0;
			};
			name = Release;
		};
		1A2B25F71F512DFB00DFFD3A /* Debug */ = {
			isa = XCBuildConfiguration;
			baseConfigurationReference = DF50CD572125A82AE1988C65 /* Pods-jlpt-ios-releaseTests.debug.xcconfig */;
			buildSettings = {
				ALWAYS_EMBED_SWIFT_STANDARD_LIBRARIES = YES;
				BUNDLE_LOADER = "$(TEST_HOST)";
				DEVELOPMENT_TEAM = 85BU48MB4T;
				INFOPLIST_FILE = "jlpt-ios-releaseTests/Info.plist";
				LD_RUNPATH_SEARCH_PATHS = "$(inherited) @executable_path/Frameworks @loader_path/Frameworks";
				PRODUCT_BUNDLE_IDENTIFIER = "com.xxthaodan.jlpt-ios-releaseTests";
				PRODUCT_NAME = "$(TARGET_NAME)";
				SWIFT_SWIFT3_OBJC_INFERENCE = On;
				SWIFT_VERSION = 4.0;
				TEST_HOST = "$(BUILT_PRODUCTS_DIR)/jlpt-ios-release.app/jlpt-ios-release";
			};
			name = Debug;
		};
		1A2B25F81F512DFB00DFFD3A /* Release */ = {
			isa = XCBuildConfiguration;
			baseConfigurationReference = F3735D0CC6B88E0BABF48E98 /* Pods-jlpt-ios-releaseTests.release.xcconfig */;
			buildSettings = {
				ALWAYS_EMBED_SWIFT_STANDARD_LIBRARIES = YES;
				BUNDLE_LOADER = "$(TEST_HOST)";
				DEVELOPMENT_TEAM = 85BU48MB4T;
				INFOPLIST_FILE = "jlpt-ios-releaseTests/Info.plist";
				LD_RUNPATH_SEARCH_PATHS = "$(inherited) @executable_path/Frameworks @loader_path/Frameworks";
				PRODUCT_BUNDLE_IDENTIFIER = "com.xxthaodan.jlpt-ios-releaseTests";
				PRODUCT_NAME = "$(TARGET_NAME)";
				SWIFT_SWIFT3_OBJC_INFERENCE = On;
				SWIFT_VERSION = 4.0;
				TEST_HOST = "$(BUILT_PRODUCTS_DIR)/jlpt-ios-release.app/jlpt-ios-release";
			};
			name = Release;
		};
		1A2B25FA1F512DFB00DFFD3A /* Debug */ = {
			isa = XCBuildConfiguration;
			baseConfigurationReference = BE9914B5E17E996F26F6DB4A /* Pods-jlpt-ios-releaseUITests.debug.xcconfig */;
			buildSettings = {
				ALWAYS_EMBED_SWIFT_STANDARD_LIBRARIES = YES;
				DEVELOPMENT_TEAM = 85BU48MB4T;
				INFOPLIST_FILE = "jlpt-ios-releaseUITests/Info.plist";
				LD_RUNPATH_SEARCH_PATHS = "$(inherited) @executable_path/Frameworks @loader_path/Frameworks";
				PRODUCT_BUNDLE_IDENTIFIER = "com.xxthaodan.jlpt-ios-releaseUITests";
				PRODUCT_NAME = "$(TARGET_NAME)";
				SWIFT_SWIFT3_OBJC_INFERENCE = On;
				SWIFT_VERSION = 4.0;
				TEST_TARGET_NAME = "jlpt-ios-release";
			};
			name = Debug;
		};
		1A2B25FB1F512DFB00DFFD3A /* Release */ = {
			isa = XCBuildConfiguration;
			baseConfigurationReference = 1BC5676FCE3B13CAA3A4C05D /* Pods-jlpt-ios-releaseUITests.release.xcconfig */;
			buildSettings = {
				ALWAYS_EMBED_SWIFT_STANDARD_LIBRARIES = YES;
				DEVELOPMENT_TEAM = 85BU48MB4T;
				INFOPLIST_FILE = "jlpt-ios-releaseUITests/Info.plist";
				LD_RUNPATH_SEARCH_PATHS = "$(inherited) @executable_path/Frameworks @loader_path/Frameworks";
				PRODUCT_BUNDLE_IDENTIFIER = "com.xxthaodan.jlpt-ios-releaseUITests";
				PRODUCT_NAME = "$(TARGET_NAME)";
				SWIFT_SWIFT3_OBJC_INFERENCE = On;
				SWIFT_VERSION = 4.0;
				TEST_TARGET_NAME = "jlpt-ios-release";
			};
			name = Release;
		};
/* End XCBuildConfiguration section */

/* Begin XCConfigurationList section */
		1A2B25C61F512DFB00DFFD3A /* Build configuration list for PBXProject "jlpt-ios-release" */ = {
			isa = XCConfigurationList;
			buildConfigurations = (
				1A2B25F11F512DFB00DFFD3A /* Debug */,
				1A2B25F21F512DFB00DFFD3A /* Release */,
			);
			defaultConfigurationIsVisible = 0;
			defaultConfigurationName = Release;
		};
		1A2B25F31F512DFB00DFFD3A /* Build configuration list for PBXNativeTarget "jlpt-ios-release" */ = {
			isa = XCConfigurationList;
			buildConfigurations = (
				1A2B25F41F512DFB00DFFD3A /* Debug */,
				1A2B25F51F512DFB00DFFD3A /* Release */,
			);
			defaultConfigurationIsVisible = 0;
			defaultConfigurationName = Release;
		};
		1A2B25F61F512DFB00DFFD3A /* Build configuration list for PBXNativeTarget "jlpt-ios-releaseTests" */ = {
			isa = XCConfigurationList;
			buildConfigurations = (
				1A2B25F71F512DFB00DFFD3A /* Debug */,
				1A2B25F81F512DFB00DFFD3A /* Release */,
			);
			defaultConfigurationIsVisible = 0;
			defaultConfigurationName = Release;
		};
		1A2B25F91F512DFB00DFFD3A /* Build configuration list for PBXNativeTarget "jlpt-ios-releaseUITests" */ = {
			isa = XCConfigurationList;
			buildConfigurations = (
				1A2B25FA1F512DFB00DFFD3A /* Debug */,
				1A2B25FB1F512DFB00DFFD3A /* Release */,
			);
			defaultConfigurationIsVisible = 0;
			defaultConfigurationName = Release;
		};
/* End XCConfigurationList section */
	};
	rootObject = 1A2B25C31F512DFB00DFFD3A /* Project object */;
}
